// !$*UTF8*$!
{
	archiveVersion = 1;
	classes = {
	};
	objectVersion = 46;
	objects = {

/* Begin PBXBuildFile section */
		9602BF2E182F5F83003291A9 /* LBXAboutWindow.xib in Resources */ = {isa = PBXBuildFile; fileRef = 9602BF2D182F5F83003291A9 /* LBXAboutWindow.xib */; };
		9610176D182A1499001D50E8 /* CFsToFsIO.cpp in Sources */ = {isa = PBXBuildFile; fileRef = 96101761182A1499001D50E8 /* CFsToFsIO.cpp */; };
		9610176E182A1499001D50E8 /* fs_fsio.cpp in Sources */ = {isa = PBXBuildFile; fileRef = 96101763182A1499001D50E8 /* fs_fsio.cpp */; };
		9610176F182A1499001D50E8 /* LBXAppDelegate.mm in Sources */ = {isa = PBXBuildFile; fileRef = 96101766182A1499001D50E8 /* LBXAppDelegate.mm */; };
		96101772182A1499001D50E8 /* SecureMemPasswordReader.cpp in Sources */ = {isa = PBXBuildFile; fileRef = 9610176A182A1499001D50E8 /* SecureMemPasswordReader.cpp */; };
		96185B3418361C1900A2A67F /* unicode_fs_mac.mm in Sources */ = {isa = PBXBuildFile; fileRef = 96185B3018361C1900A2A67F /* unicode_fs_mac.mm */; };
		96185B3518361C1900A2A67F /* UnicodeWrapperFsIO.cpp in Sources */ = {isa = PBXBuildFile; fileRef = 96185B3218361C1900A2A67F /* UnicodeWrapperFsIO.cpp */; };
		96230549182B2E5200913551 /* LBXCreateLockboxWindowController.mm in Sources */ = {isa = PBXBuildFile; fileRef = 96230547182B2E5200913551 /* LBXCreateLockboxWindowController.mm */; };
		9623054A182B2E5200913551 /* LBXCreateLockboxWindowController.xib in Resources */ = {isa = PBXBuildFile; fileRef = 96230548182B2E5200913551 /* LBXCreateLockboxWindowController.xib */; };
		96230553182C708400913551 /* LBXProgressSheetController.mm in Sources */ = {isa = PBXBuildFile; fileRef = 96230551182C708400913551 /* LBXProgressSheetController.mm */; };
		96230554182C708400913551 /* LBXProgressSheetController.xib in Resources */ = {isa = PBXBuildFile; fileRef = 96230552182C708400913551 /* LBXProgressSheetController.xib */; };
		9632FB72182F107F003C3F2E /* LBXAppMain.xib in Resources */ = {isa = PBXBuildFile; fileRef = 9632FB71182F107F003C3F2E /* LBXAppMain.xib */; };
		9632FB76182F1160003C3F2E /* app_main_mac.m in Sources */ = {isa = PBXBuildFile; fileRef = 9632FB73182F1160003C3F2E /* app_main_mac.m */; };
		9632FB7B182F13BD003C3F2E /* LBXMountLockboxWindowController.mm in Sources */ = {isa = PBXBuildFile; fileRef = 9632FB79182F13BD003C3F2E /* LBXMountLockboxWindowController.mm */; };
		9632FB7C182F13BD003C3F2E /* LBXMountLockboxWindowController.xib in Resources */ = {isa = PBXBuildFile; fileRef = 9632FB7A182F13BD003C3F2E /* LBXMountLockboxWindowController.xib */; };
		96358D34182AFE2600BE18E8 /* libencfs.a in Frameworks */ = {isa = PBXBuildFile; fileRef = 96358D2E182AFE2600BE18E8 /* libencfs.a */; };
		96358D36182AFE2600BE18E8 /* libprotobuf.a in Frameworks */ = {isa = PBXBuildFile; fileRef = 96358D30182AFE2600BE18E8 /* libprotobuf.a */; };
		96358D37182AFE2600BE18E8 /* libtinyxml.a in Frameworks */ = {isa = PBXBuildFile; fileRef = 96358D31182AFE2600BE18E8 /* libtinyxml.a */; };
		96358D38182AFE2600BE18E8 /* libwebdav_server_fs.a in Frameworks */ = {isa = PBXBuildFile; fileRef = 96358D32182AFE2600BE18E8 /* libwebdav_server_fs.a */; };
		96358D3A182AFE4D00BE18E8 /* Security.framework in Frameworks */ = {isa = PBXBuildFile; fileRef = 96358D39182AFE4D00BE18E8 /* Security.framework */; };
		963D09A717A1D89D00AEE673 /* Cocoa.framework in Frameworks */ = {isa = PBXBuildFile; fileRef = 963D09A617A1D89D00AEE673 /* Cocoa.framework */; };
		963D09B117A1D89D00AEE673 /* InfoPlist.strings in Resources */ = {isa = PBXBuildFile; fileRef = 963D09AF17A1D89D00AEE673 /* InfoPlist.strings */; };
		963F170B1877AF7B00E50B2A /* LBXWelcomeWindowController.m in Sources */ = {isa = PBXBuildFile; fileRef = 963F17091877AF7B00E50B2A /* LBXWelcomeWindowController.m */; };
		963F170C1877AF7B00E50B2A /* LBXWelcomeWindowController.xib in Resources */ = {isa = PBXBuildFile; fileRef = 963F170A1877AF7B00E50B2A /* LBXWelcomeWindowController.xib */; };
		9644D029182F251600ED4911 /* mount_mac.mm in Sources */ = {isa = PBXBuildFile; fileRef = 9644D028182F251600ED4911 /* mount_mac.mm */; };
		96597DFE1878B0F500073EC9 /* menuBarIconTemplate.icns in Resources */ = {isa = PBXBuildFile; fileRef = 96597DFD1878B0F500073EC9 /* menuBarIconTemplate.icns */; };
		966ED38C184F2F3100463408 /* create_lockbox_dialog_logic.cpp in Sources */ = {isa = PBXBuildFile; fileRef = 966ED386184F2F3100463408 /* create_lockbox_dialog_logic.cpp */; };
		966ED38D184F2F3100463408 /* mount_lockbox_dialog_logic.cpp in Sources */ = {isa = PBXBuildFile; fileRef = 966ED389184F2F3100463408 /* mount_lockbox_dialog_logic.cpp */; };
		96E1639517A7528D009BE867 /* output.icns in Resources */ = {isa = PBXBuildFile; fileRef = 96E1639417A7528D009BE867 /* output.icns */; };
		96F36AC2185470B500DEE145 /* fs.cpp in Sources */ = {isa = PBXBuildFile; fileRef = 96F36ABE185470B500DEE145 /* fs.cpp */; };
		96F36AC3185470B500DEE145 /* webdav_server.cpp in Sources */ = {isa = PBXBuildFile; fileRef = 96F36AC0185470B500DEE145 /* webdav_server.cpp */; };
/* End PBXBuildFile section */

/* Begin PBXFileReference section */
		9602BF2D182F5F83003291A9 /* LBXAboutWindow.xib */ = {isa = PBXFileReference; fileEncoding = 4; lastKnownFileType = file.xib; name = LBXAboutWindow.xib; path = ../src/lockbox/LBXAboutWindow.xib; sourceTree = "<group>"; };
		96101761182A1499001D50E8 /* CFsToFsIO.cpp */ = {isa = PBXFileReference; fileEncoding = 4; lastKnownFileType = sourcecode.cpp.cpp; name = CFsToFsIO.cpp; path = ../src/lockbox/CFsToFsIO.cpp; sourceTree = "<group>"; };
		96101762182A1499001D50E8 /* CFsToFsIO.hpp */ = {isa = PBXFileReference; fileEncoding = 4; lastKnownFileType = sourcecode.cpp.h; name = CFsToFsIO.hpp; path = ../src/lockbox/CFsToFsIO.hpp; sourceTree = "<group>"; };
		96101763182A1499001D50E8 /* fs_fsio.cpp */ = {isa = PBXFileReference; fileEncoding = 4; lastKnownFileType = sourcecode.cpp.cpp; name = fs_fsio.cpp; path = ../src/lockbox/fs_fsio.cpp; sourceTree = "<group>"; };
		96101764182A1499001D50E8 /* fs_fsio.h */ = {isa = PBXFileReference; fileEncoding = 4; lastKnownFileType = sourcecode.c.h; name = fs_fsio.h; path = ../src/lockbox/fs_fsio.h; sourceTree = "<group>"; };
		96101765182A1499001D50E8 /* LBXAppDelegate.h */ = {isa = PBXFileReference; fileEncoding = 4; lastKnownFileType = sourcecode.c.h; name = LBXAppDelegate.h; path = ../src/lockbox/LBXAppDelegate.h; sourceTree = "<group>"; };
		96101766182A1499001D50E8 /* LBXAppDelegate.mm */ = {isa = PBXFileReference; fileEncoding = 4; lastKnownFileType = sourcecode.cpp.objcpp; name = LBXAppDelegate.mm; path = ../src/lockbox/LBXAppDelegate.mm; sourceTree = "<group>"; };
		9610176A182A1499001D50E8 /* SecureMemPasswordReader.cpp */ = {isa = PBXFileReference; fileEncoding = 4; lastKnownFileType = sourcecode.cpp.cpp; name = SecureMemPasswordReader.cpp; path = ../src/lockbox/SecureMemPasswordReader.cpp; sourceTree = "<group>"; };
		9610176B182A1499001D50E8 /* SecureMemPasswordReader.hpp */ = {isa = PBXFileReference; fileEncoding = 4; lastKnownFileType = sourcecode.cpp.h; name = SecureMemPasswordReader.hpp; path = ../src/lockbox/SecureMemPasswordReader.hpp; sourceTree = "<group>"; };
		9610176C182A1499001D50E8 /* util.hpp */ = {isa = PBXFileReference; fileEncoding = 4; lastKnownFileType = sourcecode.cpp.h; name = util.hpp; path = ../src/lockbox/util.hpp; sourceTree = "<group>"; };
		96185B2F18361C1900A2A67F /* unicode_fs_mac.hpp */ = {isa = PBXFileReference; fileEncoding = 4; lastKnownFileType = sourcecode.cpp.h; name = unicode_fs_mac.hpp; path = ../src/lockbox/unicode_fs_mac.hpp; sourceTree = "<group>"; };
		96185B3018361C1900A2A67F /* unicode_fs_mac.mm */ = {isa = PBXFileReference; fileEncoding = 4; lastKnownFileType = sourcecode.cpp.objcpp; name = unicode_fs_mac.mm; path = ../src/lockbox/unicode_fs_mac.mm; sourceTree = "<group>"; };
		96185B3118361C1900A2A67F /* unicode_fs.hpp */ = {isa = PBXFileReference; fileEncoding = 4; lastKnownFileType = sourcecode.cpp.h; name = unicode_fs.hpp; path = ../src/lockbox/unicode_fs.hpp; sourceTree = "<group>"; };
		96185B3218361C1900A2A67F /* UnicodeWrapperFsIO.cpp */ = {isa = PBXFileReference; fileEncoding = 4; lastKnownFileType = sourcecode.cpp.cpp; name = UnicodeWrapperFsIO.cpp; path = ../src/lockbox/UnicodeWrapperFsIO.cpp; sourceTree = "<group>"; };
		96185B3318361C1900A2A67F /* UnicodeWrapperFsIO.hpp */ = {isa = PBXFileReference; fileEncoding = 4; lastKnownFileType = sourcecode.cpp.h; name = UnicodeWrapperFsIO.hpp; path = ../src/lockbox/UnicodeWrapperFsIO.hpp; sourceTree = "<group>"; };
		96230546182B2E5200913551 /* LBXCreateLockboxWindowController.h */ = {isa = PBXFileReference; fileEncoding = 4; lastKnownFileType = sourcecode.c.h; name = LBXCreateLockboxWindowController.h; path = ../src/lockbox/LBXCreateLockboxWindowController.h; sourceTree = "<group>"; };
		96230547182B2E5200913551 /* LBXCreateLockboxWindowController.mm */ = {isa = PBXFileReference; fileEncoding = 4; lastKnownFileType = sourcecode.cpp.objcpp; name = LBXCreateLockboxWindowController.mm; path = ../src/lockbox/LBXCreateLockboxWindowController.mm; sourceTree = "<group>"; };
		96230548182B2E5200913551 /* LBXCreateLockboxWindowController.xib */ = {isa = PBXFileReference; fileEncoding = 4; lastKnownFileType = file.xib; name = LBXCreateLockboxWindowController.xib; path = ../src/lockbox/LBXCreateLockboxWindowController.xib; sourceTree = "<group>"; };
		96230550182C708400913551 /* LBXProgressSheetController.h */ = {isa = PBXFileReference; fileEncoding = 4; lastKnownFileType = sourcecode.c.h; name = LBXProgressSheetController.h; path = ../src/lockbox/LBXProgressSheetController.h; sourceTree = "<group>"; };
		96230551182C708400913551 /* LBXProgressSheetController.mm */ = {isa = PBXFileReference; fileEncoding = 4; lastKnownFileType = sourcecode.cpp.objcpp; name = LBXProgressSheetController.mm; path = ../src/lockbox/LBXProgressSheetController.mm; sourceTree = "<group>"; };
		96230552182C708400913551 /* LBXProgressSheetController.xib */ = {isa = PBXFileReference; fileEncoding = 4; lastKnownFileType = file.xib; name = LBXProgressSheetController.xib; path = ../src/lockbox/LBXProgressSheetController.xib; sourceTree = "<group>"; };
		9632FB71182F107F003C3F2E /* LBXAppMain.xib */ = {isa = PBXFileReference; fileEncoding = 4; lastKnownFileType = file.xib; name = LBXAppMain.xib; path = ../src/lockbox/LBXAppMain.xib; sourceTree = "<group>"; };
		9632FB73182F1160003C3F2E /* app_main_mac.m */ = {isa = PBXFileReference; fileEncoding = 4; lastKnownFileType = sourcecode.c.objc; name = app_main_mac.m; path = ../src/lockbox/app_main_mac.m; sourceTree = "<group>"; };
		9632FB75182F1160003C3F2E /* mount_mac.hpp */ = {isa = PBXFileReference; fileEncoding = 4; lastKnownFileType = sourcecode.cpp.h; name = mount_mac.hpp; path = ../src/lockbox/mount_mac.hpp; sourceTree = "<group>"; };
		9632FB78182F13BD003C3F2E /* LBXMountLockboxWindowController.h */ = {isa = PBXFileReference; fileEncoding = 4; lastKnownFileType = sourcecode.c.h; name = LBXMountLockboxWindowController.h; path = ../src/lockbox/LBXMountLockboxWindowController.h; sourceTree = "<group>"; };
		9632FB79182F13BD003C3F2E /* LBXMountLockboxWindowController.mm */ = {isa = PBXFileReference; fileEncoding = 4; lastKnownFileType = sourcecode.cpp.objcpp; name = LBXMountLockboxWindowController.mm; path = ../src/lockbox/LBXMountLockboxWindowController.mm; sourceTree = "<group>"; };
		9632FB7A182F13BD003C3F2E /* LBXMountLockboxWindowController.xib */ = {isa = PBXFileReference; fileEncoding = 4; lastKnownFileType = file.xib; name = LBXMountLockboxWindowController.xib; path = ../src/lockbox/LBXMountLockboxWindowController.xib; sourceTree = "<group>"; };
		96358D2E182AFE2600BE18E8 /* libencfs.a */ = {isa = PBXFileReference; lastKnownFileType = archive.ar; name = libencfs.a; path = ../out/deps/lib/libencfs.a; sourceTree = "<group>"; };
		96358D30182AFE2600BE18E8 /* libprotobuf.a */ = {isa = PBXFileReference; lastKnownFileType = archive.ar; name = libprotobuf.a; path = ../out/deps/lib/libprotobuf.a; sourceTree = "<group>"; };
		96358D31182AFE2600BE18E8 /* libtinyxml.a */ = {isa = PBXFileReference; lastKnownFileType = archive.ar; name = libtinyxml.a; path = ../out/deps/lib/libtinyxml.a; sourceTree = "<group>"; };
		96358D32182AFE2600BE18E8 /* libwebdav_server_fs.a */ = {isa = PBXFileReference; lastKnownFileType = archive.ar; name = libwebdav_server_fs.a; path = ../out/deps/lib/libwebdav_server_fs.a; sourceTree = "<group>"; };
		96358D39182AFE4D00BE18E8 /* Security.framework */ = {isa = PBXFileReference; lastKnownFileType = wrapper.framework; name = Security.framework; path = System/Library/Frameworks/Security.framework; sourceTree = SDKROOT; };
		963D09A317A1D89D00AEE673 /* Safe.app */ = {isa = PBXFileReference; explicitFileType = wrapper.application; includeInIndex = 0; path = Safe.app; sourceTree = BUILT_PRODUCTS_DIR; };
		963D09A617A1D89D00AEE673 /* Cocoa.framework */ = {isa = PBXFileReference; lastKnownFileType = wrapper.framework; name = Cocoa.framework; path = System/Library/Frameworks/Cocoa.framework; sourceTree = SDKROOT; };
		963D09A917A1D89D00AEE673 /* AppKit.framework */ = {isa = PBXFileReference; lastKnownFileType = wrapper.framework; name = AppKit.framework; path = System/Library/Frameworks/AppKit.framework; sourceTree = SDKROOT; };
		963D09AA17A1D89D00AEE673 /* CoreData.framework */ = {isa = PBXFileReference; lastKnownFileType = wrapper.framework; name = CoreData.framework; path = System/Library/Frameworks/CoreData.framework; sourceTree = SDKROOT; };
		963D09AB17A1D89D00AEE673 /* Foundation.framework */ = {isa = PBXFileReference; lastKnownFileType = wrapper.framework; name = Foundation.framework; path = System/Library/Frameworks/Foundation.framework; sourceTree = SDKROOT; };
		963D09AE17A1D89D00AEE673 /* Lockbox-Info.plist */ = {isa = PBXFileReference; lastKnownFileType = text.plist.xml; path = "Lockbox-Info.plist"; sourceTree = "<group>"; };
		963D09B017A1D89D00AEE673 /* en */ = {isa = PBXFileReference; lastKnownFileType = text.plist.strings; name = en; path = en.lproj/InfoPlist.strings; sourceTree = "<group>"; };
		963D09B417A1D89D00AEE673 /* Lockbox-Prefix.pch */ = {isa = PBXFileReference; lastKnownFileType = sourcecode.c.h; path = "Lockbox-Prefix.pch"; sourceTree = "<group>"; };
		963D09B617A1D89D00AEE673 /* en */ = {isa = PBXFileReference; lastKnownFileType = text.rtf; name = en; path = en.lproj/Credits.rtf; sourceTree = "<group>"; };
		963D09C417A1D89D00AEE673 /* SenTestingKit.framework */ = {isa = PBXFileReference; lastKnownFileType = wrapper.framework; name = SenTestingKit.framework; path = Library/Frameworks/SenTestingKit.framework; sourceTree = DEVELOPER_DIR; };
		963F17081877AF7B00E50B2A /* LBXWelcomeWindowController.h */ = {isa = PBXFileReference; fileEncoding = 4; lastKnownFileType = sourcecode.c.h; name = LBXWelcomeWindowController.h; path = ../src/lockbox/LBXWelcomeWindowController.h; sourceTree = "<group>"; };
		963F17091877AF7B00E50B2A /* LBXWelcomeWindowController.m */ = {isa = PBXFileReference; fileEncoding = 4; lastKnownFileType = sourcecode.c.objc; name = LBXWelcomeWindowController.m; path = ../src/lockbox/LBXWelcomeWindowController.m; sourceTree = "<group>"; };
		963F170A1877AF7B00E50B2A /* LBXWelcomeWindowController.xib */ = {isa = PBXFileReference; fileEncoding = 4; lastKnownFileType = file.xib; name = LBXWelcomeWindowController.xib; path = ../src/lockbox/LBXWelcomeWindowController.xib; sourceTree = "<group>"; };
		9644D028182F251600ED4911 /* mount_mac.mm */ = {isa = PBXFileReference; fileEncoding = 4; lastKnownFileType = sourcecode.cpp.objcpp; name = mount_mac.mm; path = ../src/lockbox/mount_mac.mm; sourceTree = "<group>"; };
		9644D02A182F3E4100ED4911 /* logging.h */ = {isa = PBXFileReference; fileEncoding = 4; lastKnownFileType = sourcecode.c.h; name = logging.h; path = ../src/lockbox/logging.h; sourceTree = "<group>"; };
		9653052618319A9900676ABE /* recent_paths_storage.hpp */ = {isa = PBXFileReference; fileEncoding = 4; lastKnownFileType = sourcecode.cpp.h; name = recent_paths_storage.hpp; path = ../src/lockbox/recent_paths_storage.hpp; sourceTree = "<group>"; };
		96597DFD1878B0F500073EC9 /* menuBarIconTemplate.icns */ = {isa = PBXFileReference; lastKnownFileType = image.icns; path = menuBarIconTemplate.icns; sourceTree = SOURCE_ROOT; };
		966ED386184F2F3100463408 /* create_lockbox_dialog_logic.cpp */ = {isa = PBXFileReference; fileEncoding = 4; lastKnownFileType = sourcecode.cpp.cpp; name = create_lockbox_dialog_logic.cpp; path = ../src/lockbox/create_lockbox_dialog_logic.cpp; sourceTree = "<group>"; };
		966ED387184F2F3100463408 /* create_lockbox_dialog_logic.hpp */ = {isa = PBXFileReference; fileEncoding = 4; lastKnownFileType = sourcecode.cpp.h; name = create_lockbox_dialog_logic.hpp; path = ../src/lockbox/create_lockbox_dialog_logic.hpp; sourceTree = "<group>"; };
		966ED389184F2F3100463408 /* mount_lockbox_dialog_logic.cpp */ = {isa = PBXFileReference; fileEncoding = 4; lastKnownFileType = sourcecode.cpp.cpp; name = mount_lockbox_dialog_logic.cpp; path = ../src/lockbox/mount_lockbox_dialog_logic.cpp; sourceTree = "<group>"; };
		966ED38A184F2F3100463408 /* mount_lockbox_dialog_logic.hpp */ = {isa = PBXFileReference; fileEncoding = 4; lastKnownFileType = sourcecode.cpp.h; name = mount_lockbox_dialog_logic.hpp; path = ../src/lockbox/mount_lockbox_dialog_logic.hpp; sourceTree = "<group>"; };
		966ED38B184F2F3100463408 /* product_name.h */ = {isa = PBXFileReference; fileEncoding = 4; lastKnownFileType = sourcecode.c.h; name = product_name.h; path = ../src/lockbox/product_name.h; sourceTree = "<group>"; };
		96974443185422000042FA6C /* tray_menu.hpp */ = {isa = PBXFileReference; fileEncoding = 4; lastKnownFileType = sourcecode.cpp.h; name = tray_menu.hpp; path = ../src/lockbox/tray_menu.hpp; sourceTree = "<group>"; };
		96A7AEAB185473030003AEE5 /* constants.h */ = {isa = PBXFileReference; fileEncoding = 4; lastKnownFileType = sourcecode.c.h; name = constants.h; path = ../src/lockbox/constants.h; sourceTree = "<group>"; };
		96E1639417A7528D009BE867 /* output.icns */ = {isa = PBXFileReference; lastKnownFileType = image.icns; name = output.icns; path = ../output.icns; sourceTree = "<group>"; };
		96F36ABE185470B500DEE145 /* fs.cpp */ = {isa = PBXFileReference; fileEncoding = 4; lastKnownFileType = sourcecode.cpp.cpp; name = fs.cpp; path = ../src/lockbox/fs.cpp; sourceTree = "<group>"; };
		96F36ABF185470B500DEE145 /* fs.hpp */ = {isa = PBXFileReference; fileEncoding = 4; lastKnownFileType = sourcecode.cpp.h; name = fs.hpp; path = ../src/lockbox/fs.hpp; sourceTree = "<group>"; };
		96F36AC0185470B500DEE145 /* webdav_server.cpp */ = {isa = PBXFileReference; fileEncoding = 4; lastKnownFileType = sourcecode.cpp.cpp; name = webdav_server.cpp; path = ../src/lockbox/webdav_server.cpp; sourceTree = "<group>"; };
		96F36AC1185470B500DEE145 /* webdav_server.hpp */ = {isa = PBXFileReference; fileEncoding = 4; lastKnownFileType = sourcecode.cpp.h; name = webdav_server.hpp; path = ../src/lockbox/webdav_server.hpp; sourceTree = "<group>"; };
/* End PBXFileReference section */

/* Begin PBXFrameworksBuildPhase section */
		963D09A017A1D89D00AEE673 /* Frameworks */ = {
			isa = PBXFrameworksBuildPhase;
			buildActionMask = 2147483647;
			files = (
				96358D3A182AFE4D00BE18E8 /* Security.framework in Frameworks */,
				96358D34182AFE2600BE18E8 /* libencfs.a in Frameworks */,
				96358D36182AFE2600BE18E8 /* libprotobuf.a in Frameworks */,
				96358D37182AFE2600BE18E8 /* libtinyxml.a in Frameworks */,
				96358D38182AFE2600BE18E8 /* libwebdav_server_fs.a in Frameworks */,
				963D09A717A1D89D00AEE673 /* Cocoa.framework in Frameworks */,
			);
			runOnlyForDeploymentPostprocessing = 0;
		};
/* End PBXFrameworksBuildPhase section */

/* Begin PBXGroup section */
		9610175F182A1407001D50E8 /* src */ = {
			isa = PBXGroup;
			children = (
				96A7AEAB185473030003AEE5 /* constants.h */,
				96F36ABE185470B500DEE145 /* fs.cpp */,
				96F36ABF185470B500DEE145 /* fs.hpp */,
				96F36AC0185470B500DEE145 /* webdav_server.cpp */,
				96F36AC1185470B500DEE145 /* webdav_server.hpp */,
				96974443185422000042FA6C /* tray_menu.hpp */,
				966ED386184F2F3100463408 /* create_lockbox_dialog_logic.cpp */,
				966ED387184F2F3100463408 /* create_lockbox_dialog_logic.hpp */,
				966ED389184F2F3100463408 /* mount_lockbox_dialog_logic.cpp */,
				966ED38A184F2F3100463408 /* mount_lockbox_dialog_logic.hpp */,
				966ED38B184F2F3100463408 /* product_name.h */,
				96185B2F18361C1900A2A67F /* unicode_fs_mac.hpp */,
				96185B3018361C1900A2A67F /* unicode_fs_mac.mm */,
				96185B3118361C1900A2A67F /* unicode_fs.hpp */,
				96185B3218361C1900A2A67F /* UnicodeWrapperFsIO.cpp */,
				96185B3318361C1900A2A67F /* UnicodeWrapperFsIO.hpp */,
				9653052618319A9900676ABE /* recent_paths_storage.hpp */,
				9644D02A182F3E4100ED4911 /* logging.h */,
				9632FB78182F13BD003C3F2E /* LBXMountLockboxWindowController.h */,
				9632FB79182F13BD003C3F2E /* LBXMountLockboxWindowController.mm */,
				9632FB7A182F13BD003C3F2E /* LBXMountLockboxWindowController.xib */,
				9632FB73182F1160003C3F2E /* app_main_mac.m */,
				9632FB75182F1160003C3F2E /* mount_mac.hpp */,
				9644D028182F251600ED4911 /* mount_mac.mm */,
				9632FB71182F107F003C3F2E /* LBXAppMain.xib */,
				96101761182A1499001D50E8 /* CFsToFsIO.cpp */,
				96101762182A1499001D50E8 /* CFsToFsIO.hpp */,
				96101763182A1499001D50E8 /* fs_fsio.cpp */,
				96101764182A1499001D50E8 /* fs_fsio.h */,
				96101765182A1499001D50E8 /* LBXAppDelegate.h */,
				96101766182A1499001D50E8 /* LBXAppDelegate.mm */,
				9610176A182A1499001D50E8 /* SecureMemPasswordReader.cpp */,
				9610176B182A1499001D50E8 /* SecureMemPasswordReader.hpp */,
				9610176C182A1499001D50E8 /* util.hpp */,
				96230546182B2E5200913551 /* LBXCreateLockboxWindowController.h */,
				96230547182B2E5200913551 /* LBXCreateLockboxWindowController.mm */,
				96230548182B2E5200913551 /* LBXCreateLockboxWindowController.xib */,
				96230550182C708400913551 /* LBXProgressSheetController.h */,
				96230551182C708400913551 /* LBXProgressSheetController.mm */,
				96230552182C708400913551 /* LBXProgressSheetController.xib */,
				9602BF2D182F5F83003291A9 /* LBXAboutWindow.xib */,
				963F17081877AF7B00E50B2A /* LBXWelcomeWindowController.h */,
				963F17091877AF7B00E50B2A /* LBXWelcomeWindowController.m */,
				963F170A1877AF7B00E50B2A /* LBXWelcomeWindowController.xib */,
			);
			name = src;
			sourceTree = "<group>";
		};
		963D099A17A1D89D00AEE673 = {
			isa = PBXGroup;
			children = (
				96E9AE29182B012E00DDBF4E /* static libs */,
				9610175F182A1407001D50E8 /* src */,
				963D09AD17A1D89D00AEE673 /* Supporting Files */,
				963D09A517A1D89D00AEE673 /* Frameworks */,
				963D09A417A1D89D00AEE673 /* Products */,
			);
			sourceTree = "<group>";
		};
		963D09A417A1D89D00AEE673 /* Products */ = {
			isa = PBXGroup;
			children = (
				963D09A317A1D89D00AEE673 /* Safe.app */,
			);
			name = Products;
			sourceTree = "<group>";
		};
		963D09A517A1D89D00AEE673 /* Frameworks */ = {
			isa = PBXGroup;
			children = (
				96358D39182AFE4D00BE18E8 /* Security.framework */,
				963D09A617A1D89D00AEE673 /* Cocoa.framework */,
				963D09C417A1D89D00AEE673 /* SenTestingKit.framework */,
				963D09A817A1D89D00AEE673 /* Other Frameworks */,
			);
			name = Frameworks;
			sourceTree = "<group>";
		};
		963D09A817A1D89D00AEE673 /* Other Frameworks */ = {
			isa = PBXGroup;
			children = (
				963D09A917A1D89D00AEE673 /* AppKit.framework */,
				963D09AA17A1D89D00AEE673 /* CoreData.framework */,
				963D09AB17A1D89D00AEE673 /* Foundation.framework */,
			);
			name = "Other Frameworks";
			sourceTree = "<group>";
		};
		963D09AD17A1D89D00AEE673 /* Supporting Files */ = {
			isa = PBXGroup;
			children = (
				96597DFD1878B0F500073EC9 /* menuBarIconTemplate.icns */,
				96E1639417A7528D009BE867 /* output.icns */,
				963D09AE17A1D89D00AEE673 /* Lockbox-Info.plist */,
				963D09AF17A1D89D00AEE673 /* InfoPlist.strings */,
				963D09B417A1D89D00AEE673 /* Lockbox-Prefix.pch */,
				963D09B517A1D89D00AEE673 /* Credits.rtf */,
			);
			name = "Supporting Files";
			path = Lockbox;
			sourceTree = "<group>";
		};
		96E9AE29182B012E00DDBF4E /* static libs */ = {
			isa = PBXGroup;
			children = (
				96358D2E182AFE2600BE18E8 /* libencfs.a */,
				96358D30182AFE2600BE18E8 /* libprotobuf.a */,
				96358D31182AFE2600BE18E8 /* libtinyxml.a */,
				96358D32182AFE2600BE18E8 /* libwebdav_server_fs.a */,
			);
			name = "static libs";
			sourceTree = "<group>";
		};
/* End PBXGroup section */

/* Begin PBXNativeTarget section */
		963D09A217A1D89D00AEE673 /* Lockbox */ = {
			isa = PBXNativeTarget;
			buildConfigurationList = 963D09D417A1D89D00AEE673 /* Build configuration list for PBXNativeTarget "Lockbox" */;
			buildPhases = (
				96358D2C182A19D500BE18E8 /* ShellScript */,
				963D099F17A1D89D00AEE673 /* Sources */,
				963D09A017A1D89D00AEE673 /* Frameworks */,
				963D09A117A1D89D00AEE673 /* Resources */,
				96FCB3F4185716E400FB2839 /* ShellScript */,
			);
			buildRules = (
			);
			dependencies = (
			);
			name = Lockbox;
			productName = Lockbox;
			productReference = 963D09A317A1D89D00AEE673 /* Safe.app */;
			productType = "com.apple.product-type.application";
		};
/* End PBXNativeTarget section */

/* Begin PBXProject section */
		963D099B17A1D89D00AEE673 /* Project object */ = {
			isa = PBXProject;
			attributes = {
				CLASSPREFIX = LBX;
				LastUpgradeCheck = 0500;
				ORGANIZATIONNAME = "Rian Hunter";
				TargetAttributes = {
					963D09A217A1D89D00AEE673 = {
						SystemCapabilities = {
							com.apple.Sandbox = {
								enabled = 0;
							};
						};
					};
				};
			};
			buildConfigurationList = 963D099E17A1D89D00AEE673 /* Build configuration list for PBXProject "Lockbox" */;
			compatibilityVersion = "Xcode 3.2";
			developmentRegion = English;
			hasScannedForEncodings = 0;
			knownRegions = (
				en,
			);
			mainGroup = 963D099A17A1D89D00AEE673;
			productRefGroup = 963D09A417A1D89D00AEE673 /* Products */;
			projectDirPath = "";
			projectRoot = "";
			targets = (
				963D09A217A1D89D00AEE673 /* Lockbox */,
			);
		};
/* End PBXProject section */

/* Begin PBXResourcesBuildPhase section */
		963D09A117A1D89D00AEE673 /* Resources */ = {
			isa = PBXResourcesBuildPhase;
			buildActionMask = 2147483647;
			files = (
				963D09B117A1D89D00AEE673 /* InfoPlist.strings in Resources */,
				963F170C1877AF7B00E50B2A /* LBXWelcomeWindowController.xib in Resources */,
				9632FB7C182F13BD003C3F2E /* LBXMountLockboxWindowController.xib in Resources */,
				9602BF2E182F5F83003291A9 /* LBXAboutWindow.xib in Resources */,
				96597DFE1878B0F500073EC9 /* menuBarIconTemplate.icns in Resources */,
				96230554182C708400913551 /* LBXProgressSheetController.xib in Resources */,
				9623054A182B2E5200913551 /* LBXCreateLockboxWindowController.xib in Resources */,
				96E1639517A7528D009BE867 /* output.icns in Resources */,
				9632FB72182F107F003C3F2E /* LBXAppMain.xib in Resources */,
			);
			runOnlyForDeploymentPostprocessing = 0;
		};
/* End PBXResourcesBuildPhase section */

/* Begin PBXShellScriptBuildPhase section */
		96358D2C182A19D500BE18E8 /* ShellScript */ = {
			isa = PBXShellScriptBuildPhase;
			buildActionMask = 2147483647;
			files = (
			);
			inputPaths = (
			);
			outputPaths = (
			);
			runOnlyForDeploymentPostprocessing = 0;
			shellPath = /bin/sh;
			shellScript = "cd $SRCROOT/..\n\n# add cmake to path\nPATH=\"/usr/local/bin:$PATH\"\n\n# set up compiler environment\n\n# TODO: derive from xcode settings\nCC=clang\nCXX=clang++\n\nif [ \"$CLANG_CXX_LIBRARYx\" != x ]; then\n    CXXFLAGS=\"$CXXFLAGS -stdlib=$CLANG_CXX_LIBRARY\"\nfi\n\nif [ \"$GCC_GENERATE_DEBUGGING_SYMBOLS\" = YES ]; then\n    CXXFLAGS=\"$CXXFLAGS -g\"\n    CFLAGS=\"$CFLAGS -g\"\nfi\n\nfor DEF in $GCC_PREPROCESSOR_DEFINITIONS; do\n    CXXFLAGS=\"$CXXFLAGS -D$DEF\"\n    CFLAGS=\"$CFLAGS -D$DEF\"\ndone\n\nif [ \"$GCC_OPTIMIZATION_LEVELx\" != x ]; then\n    CXXFLAGS=\"$CXXFLAGS -O$GCC_OPTIMIZATION_LEVEL\"\n    CFLAGS=\"$CFLAGS -O$GCC_OPTIMIZATION_LEVEL\"\nfi\n\nif [ \"$LLVM_LTO\" = YES ]; then\n    CXXFLAGS=\"$CXXFLAGS -emit-llvm\"\n    CFLAGS=\"$CFLAGS -emit-llvm\"\nfi\n\nif [ \"$LLVM_VECTORIZE_LOOPS\" != YES ]; then\n    CXXFLAGS=\"$CXXFLAGS -fno-vectorize\"\n    CFLAGS=\"$CFLAGS -fno-vectorize\"\nfi\n\nexport CXXFLAGS CFLAGS CPPFLAGS CC CXX\n\nenv > ~/yo.txt\n\nif ! ./are_dependencies_up_to_date.sh; then\n    make clean-deps\n    make dependencies\nfi";
		};
		96FCB3F4185716E400FB2839 /* ShellScript */ = {
			isa = PBXShellScriptBuildPhase;
			buildActionMask = 8;
			files = (
			);
			inputPaths = (
				"$(TARGET_BUILD_DIR)/$(EXECUTABLE_PATH)",
			);
			outputPaths = (
			);
			runOnlyForDeploymentPostprocessing = 1;
			shellPath = /bin/sh;
			shellScript = "strip -u -r \"${TARGET_BUILD_DIR}/${EXECUTABLE_PATH}\"\nexec upx --best --ultra-brute \"${TARGET_BUILD_DIR}/${EXECUTABLE_PATH}\"";
		};
/* End PBXShellScriptBuildPhase section */

/* Begin PBXSourcesBuildPhase section */
		963D099F17A1D89D00AEE673 /* Sources */ = {
			isa = PBXSourcesBuildPhase;
			buildActionMask = 2147483647;
			files = (
				96185B3518361C1900A2A67F /* UnicodeWrapperFsIO.cpp in Sources */,
				96185B3418361C1900A2A67F /* unicode_fs_mac.mm in Sources */,
				9610176D182A1499001D50E8 /* CFsToFsIO.cpp in Sources */,
				96230549182B2E5200913551 /* LBXCreateLockboxWindowController.mm in Sources */,
				96F36AC3185470B500DEE145 /* webdav_server.cpp in Sources */,
				963F170B1877AF7B00E50B2A /* LBXWelcomeWindowController.m in Sources */,
				966ED38C184F2F3100463408 /* create_lockbox_dialog_logic.cpp in Sources */,
				9610176E182A1499001D50E8 /* fs_fsio.cpp in Sources */,
				9610176F182A1499001D50E8 /* LBXAppDelegate.mm in Sources */,
				9632FB7B182F13BD003C3F2E /* LBXMountLockboxWindowController.mm in Sources */,
				966ED38D184F2F3100463408 /* mount_lockbox_dialog_logic.cpp in Sources */,
				96101772182A1499001D50E8 /* SecureMemPasswordReader.cpp in Sources */,
				96F36AC2185470B500DEE145 /* fs.cpp in Sources */,
				96230553182C708400913551 /* LBXProgressSheetController.mm in Sources */,
				9632FB76182F1160003C3F2E /* app_main_mac.m in Sources */,
				9644D029182F251600ED4911 /* mount_mac.mm in Sources */,
			);
			runOnlyForDeploymentPostprocessing = 0;
		};
/* End PBXSourcesBuildPhase section */

/* Begin PBXVariantGroup section */
		963D09AF17A1D89D00AEE673 /* InfoPlist.strings */ = {
			isa = PBXVariantGroup;
			children = (
				963D09B017A1D89D00AEE673 /* en */,
			);
			name = InfoPlist.strings;
			sourceTree = "<group>";
		};
		963D09B517A1D89D00AEE673 /* Credits.rtf */ = {
			isa = PBXVariantGroup;
			children = (
				963D09B617A1D89D00AEE673 /* en */,
			);
			name = Credits.rtf;
			sourceTree = "<group>";
		};
/* End PBXVariantGroup section */

/* Begin XCBuildConfiguration section */
		963D09D217A1D89D00AEE673 /* Debug */ = {
			isa = XCBuildConfiguration;
			buildSettings = {
				ALWAYS_SEARCH_USER_PATHS = NO;
				CLANG_CXX_LANGUAGE_STANDARD = "c++0x";
				CLANG_CXX_LIBRARY = "libc++";
				CLANG_ENABLE_OBJC_ARC = YES;
				CLANG_WARN_CONSTANT_CONVERSION = YES;
				CLANG_WARN_EMPTY_BODY = YES;
				CLANG_WARN_ENUM_CONVERSION = YES;
				CLANG_WARN_INT_CONVERSION = YES;
				CLANG_WARN_SUSPICIOUS_IMPLICIT_CONVERSION = YES;
				CLANG_WARN__DUPLICATE_METHOD_MATCH = YES;
				COPY_PHASE_STRIP = NO;
				DEAD_CODE_STRIPPING = YES;
				DEBUG_INFORMATION_FORMAT = "dwarf-with-dsym";
				GCC_C_LANGUAGE_STANDARD = c99;
				GCC_ENABLE_OBJC_EXCEPTIONS = YES;
				GCC_OPTIMIZATION_LEVEL = 0;
				GCC_TREAT_IMPLICIT_FUNCTION_DECLARATIONS_AS_ERRORS = YES;
				GCC_TREAT_INCOMPATIBLE_POINTER_TYPE_WARNINGS_AS_ERRORS = YES;
				GCC_TREAT_WARNINGS_AS_ERRORS = YES;
				GCC_WARN_ABOUT_RETURN_TYPE = YES;
				GCC_WARN_FOUR_CHARACTER_CONSTANTS = YES;
				GCC_WARN_INITIALIZER_NOT_FULLY_BRACKETED = YES;
				GCC_WARN_SHADOW = YES;
				GCC_WARN_SIGN_COMPARE = YES;
				GCC_WARN_UNINITIALIZED_AUTOS = YES;
				GCC_WARN_UNKNOWN_PRAGMAS = YES;
				GCC_WARN_UNUSED_FUNCTION = YES;
				GCC_WARN_UNUSED_LABEL = YES;
				GCC_WARN_UNUSED_PARAMETER = YES;
				GCC_WARN_UNUSED_VARIABLE = YES;
				HEADER_SEARCH_PATHS = (
					$SRCROOT/../out/deps/include,
					$SRCROOT/../src,
				);
				LIBRARY_SEARCH_PATHS = $SRCROOT/../out/deps/lib;
				LLVM_LTO = YES;
				LLVM_VECTORIZE_LOOPS = YES;
				MACOSX_DEPLOYMENT_TARGET = 10.7;
				ONLY_ACTIVE_ARCH = YES;
				SDKROOT = macosx;
				USER_HEADER_SEARCH_PATHS = "$SRCROOT/../out/deps/include/encfs $SRCROOT/../out/deps/include/davfuse $SRCROOT/../out/deps/include/encfs/base";
			};
			name = Debug;
		};
		963D09D317A1D89D00AEE673 /* Release */ = {
			isa = XCBuildConfiguration;
			buildSettings = {
				ALWAYS_SEARCH_USER_PATHS = NO;
				CLANG_CXX_LANGUAGE_STANDARD = "c++0x";
				CLANG_CXX_LIBRARY = "libc++";
				CLANG_ENABLE_OBJC_ARC = YES;
				CLANG_WARN_CONSTANT_CONVERSION = YES;
				CLANG_WARN_EMPTY_BODY = YES;
				CLANG_WARN_ENUM_CONVERSION = YES;
				CLANG_WARN_INT_CONVERSION = YES;
				CLANG_WARN_SUSPICIOUS_IMPLICIT_CONVERSION = YES;
				CLANG_WARN__DUPLICATE_METHOD_MATCH = YES;
				COPY_PHASE_STRIP = YES;
				DEAD_CODE_STRIPPING = YES;
				DEBUG_INFORMATION_FORMAT = "dwarf-with-dsym";
				GCC_C_LANGUAGE_STANDARD = c99;
				GCC_ENABLE_OBJC_EXCEPTIONS = YES;
				GCC_GENERATE_DEBUGGING_SYMBOLS = NO;
				GCC_OPTIMIZATION_LEVEL = s;
				GCC_PREPROCESSOR_DEFINITIONS = NDEBUG;
				GCC_TREAT_IMPLICIT_FUNCTION_DECLARATIONS_AS_ERRORS = YES;
				GCC_TREAT_INCOMPATIBLE_POINTER_TYPE_WARNINGS_AS_ERRORS = YES;
				GCC_TREAT_WARNINGS_AS_ERRORS = YES;
				GCC_WARN_ABOUT_RETURN_TYPE = YES;
				GCC_WARN_FOUR_CHARACTER_CONSTANTS = YES;
				GCC_WARN_INITIALIZER_NOT_FULLY_BRACKETED = YES;
				GCC_WARN_SHADOW = YES;
				GCC_WARN_SIGN_COMPARE = YES;
				GCC_WARN_UNINITIALIZED_AUTOS = YES;
				GCC_WARN_UNKNOWN_PRAGMAS = YES;
				GCC_WARN_UNUSED_FUNCTION = YES;
				GCC_WARN_UNUSED_LABEL = YES;
				GCC_WARN_UNUSED_PARAMETER = YES;
				GCC_WARN_UNUSED_VARIABLE = YES;
				HEADER_SEARCH_PATHS = (
					$SRCROOT/../out/deps/include,
					$SRCROOT/../src,
				);
				LIBRARY_SEARCH_PATHS = $SRCROOT/../out/deps/lib;
				LLVM_LTO = YES;
				LLVM_VECTORIZE_LOOPS = YES;
				MACOSX_DEPLOYMENT_TARGET = 10.7;
				ONLY_ACTIVE_ARCH = NO;
				SDKROOT = macosx;
				USER_HEADER_SEARCH_PATHS = "$SRCROOT/../out/deps/include/encfs $SRCROOT/../out/deps/include/davfuse $SRCROOT/../out/deps/include/encfs/base";
			};
			name = Release;
		};
		963D09D517A1D89D00AEE673 /* Debug */ = {
			isa = XCBuildConfiguration;
			buildSettings = {
				CODE_SIGN_IDENTITY = "-";
				COMBINE_HIDPI_IMAGES = YES;
				GCC_INLINES_ARE_PRIVATE_EXTERN = NO;
				GCC_PRECOMPILE_PREFIX_HEADER = YES;
				GCC_PREFIX_HEADER = "Lockbox/Lockbox-Prefix.pch";
				GCC_SYMBOLS_PRIVATE_EXTERN = NO;
				INFOPLIST_FILE = "Lockbox/Lockbox-Info.plist";
				LIBRARY_SEARCH_PATHS = (
					"$(inherited)",
					"\"$(SRCROOT)/../out/deps/lib\"",
				);
				MACOSX_DEPLOYMENT_TARGET = 10.7;
				OTHER_CFLAGS = "$(PROTOBUF_CFLAGS)";
				"OTHER_CFLAGS[arch=*]" = "$(PROTOBUF_CFLAGS)";
				PRODUCT_NAME = Safe;
				WRAPPER_EXTENSION = app;
			};
			name = Debug;
		};
		963D09D617A1D89D00AEE673 /* Release */ = {
			isa = XCBuildConfiguration;
			buildSettings = {
				CODE_SIGN_IDENTITY = "-";
				COMBINE_HIDPI_IMAGES = YES;
				GCC_INLINES_ARE_PRIVATE_EXTERN = NO;
				GCC_PRECOMPILE_PREFIX_HEADER = YES;
				GCC_PREFIX_HEADER = "Lockbox/Lockbox-Prefix.pch";
				GCC_SYMBOLS_PRIVATE_EXTERN = NO;
				INFOPLIST_FILE = "Lockbox/Lockbox-Info.plist";
				LIBRARY_SEARCH_PATHS = (
					"$(inherited)",
					"\"$(SRCROOT)/../out/deps/lib\"",
				);
				MACOSX_DEPLOYMENT_TARGET = 10.7;
				OTHER_CFLAGS = "$(PROTOBUF_CFLAGS)";
				"OTHER_CFLAGS[arch=*]" = "$(PROTOBUF_CFLAGS)";
				PRODUCT_NAME = Safe;
				WRAPPER_EXTENSION = app;
			};
			name = Release;
		};
/* End XCBuildConfiguration section */

/* Begin XCConfigurationList section */
		963D099E17A1D89D00AEE673 /* Build configuration list for PBXProject "Lockbox" */ = {
			isa = XCConfigurationList;
			buildConfigurations = (
				963D09D217A1D89D00AEE673 /* Debug */,
				963D09D317A1D89D00AEE673 /* Release */,
			);
			defaultConfigurationIsVisible = 0;
			defaultConfigurationName = Debug;
		};
		963D09D417A1D89D00AEE673 /* Build configuration list for PBXNativeTarget "Lockbox" */ = {
			isa = XCConfigurationList;
			buildConfigurations = (
				963D09D517A1D89D00AEE673 /* Debug */,
				963D09D617A1D89D00AEE673 /* Release */,
			);
			defaultConfigurationIsVisible = 0;
			defaultConfigurationName = Debug;
		};
/* End XCConfigurationList section */
	};
	rootObject = 963D099B17A1D89D00AEE673 /* Project object */;
}
