// !$*UTF8*$!
{
	archiveVersion = 1;
	classes = {
	};
	objectVersion = 46;
	objects = {

/* Begin PBXBuildFile section */
		9602BF2E182F5F83003291A9 /* SFXAboutWindow.xib in Resources */ = {isa = PBXBuildFile; fileRef = 9602BF2D182F5F83003291A9 /* SFXAboutWindow.xib */; };
		96042A5D18B34F7F00D6CD58 /* keychain.mm in Sources */ = {isa = PBXBuildFile; fileRef = 96042A5B18B34F7F00D6CD58 /* keychain.mm */; };
		9604753518B1667300B9F5FB /* util.mm in Sources */ = {isa = PBXBuildFile; fileRef = 9604753318B1667300B9F5FB /* util.mm */; };
		9604753818B19B6D00B9F5FB /* Carbon.framework in Frameworks */ = {isa = PBXBuildFile; fileRef = 9604753718B19B6D00B9F5FB /* Carbon.framework */; };
		9604753B18B2DF2600B9F5FB /* system_changes.cpp in Sources */ = {isa = PBXBuildFile; fileRef = 9604753918B2DF2600B9F5FB /* system_changes.cpp */; };
		9610176D182A1499001D50E8 /* CFsToFsIO.cpp in Sources */ = {isa = PBXBuildFile; fileRef = 96101761182A1499001D50E8 /* CFsToFsIO.cpp */; };
		9610176E182A1499001D50E8 /* fs_fsio.cpp in Sources */ = {isa = PBXBuildFile; fileRef = 96101763182A1499001D50E8 /* fs_fsio.cpp */; };
		9610176F182A1499001D50E8 /* SFXAppDelegate.mm in Sources */ = {isa = PBXBuildFile; fileRef = 96101766182A1499001D50E8 /* SFXAppDelegate.mm */; };
		96101772182A1499001D50E8 /* SecureMemPasswordReader.cpp in Sources */ = {isa = PBXBuildFile; fileRef = 9610176A182A1499001D50E8 /* SecureMemPasswordReader.cpp */; };
		96185B3418361C1900A2A67F /* unicode_fs.mm in Sources */ = {isa = PBXBuildFile; fileRef = 96185B3018361C1900A2A67F /* unicode_fs.mm */; };
		96185B3518361C1900A2A67F /* UnicodeWrapperFsIO.cpp in Sources */ = {isa = PBXBuildFile; fileRef = 96185B3218361C1900A2A67F /* UnicodeWrapperFsIO.cpp */; };
		96230549182B2E5200913551 /* SFXCreateSafeWindowController.mm in Sources */ = {isa = PBXBuildFile; fileRef = 96230547182B2E5200913551 /* SFXCreateSafeWindowController.mm */; };
		9623054A182B2E5200913551 /* SFXCreateSafeWindowController.xib in Resources */ = {isa = PBXBuildFile; fileRef = 96230548182B2E5200913551 /* SFXCreateSafeWindowController.xib */; };
		96230553182C708400913551 /* SFXProgressSheetController.mm in Sources */ = {isa = PBXBuildFile; fileRef = 96230551182C708400913551 /* SFXProgressSheetController.mm */; };
		96230554182C708400913551 /* SFXProgressSheetController.xib in Resources */ = {isa = PBXBuildFile; fileRef = 96230552182C708400913551 /* SFXProgressSheetController.xib */; };
		9632FB72182F107F003C3F2E /* SFXAppMain.xib in Resources */ = {isa = PBXBuildFile; fileRef = 9632FB71182F107F003C3F2E /* SFXAppMain.xib */; };
		9632FB76182F1160003C3F2E /* main.m in Sources */ = {isa = PBXBuildFile; fileRef = 9632FB73182F1160003C3F2E /* main.m */; };
		9632FB7B182F13BD003C3F2E /* SFXMountSafeWindowController.mm in Sources */ = {isa = PBXBuildFile; fileRef = 9632FB79182F13BD003C3F2E /* SFXMountSafeWindowController.mm */; };
		9632FB7C182F13BD003C3F2E /* SFXMountSafeWindowController.xib in Resources */ = {isa = PBXBuildFile; fileRef = 9632FB7A182F13BD003C3F2E /* SFXMountSafeWindowController.xib */; };
		96358D34182AFE2600BE18E8 /* libencfs.a in Frameworks */ = {isa = PBXBuildFile; fileRef = 96358D2E182AFE2600BE18E8 /* libencfs.a */; };
		96358D36182AFE2600BE18E8 /* libprotobuf.a in Frameworks */ = {isa = PBXBuildFile; fileRef = 96358D30182AFE2600BE18E8 /* libprotobuf.a */; };
		96358D37182AFE2600BE18E8 /* libtinyxml.a in Frameworks */ = {isa = PBXBuildFile; fileRef = 96358D31182AFE2600BE18E8 /* libtinyxml.a */; };
		96358D38182AFE2600BE18E8 /* libwebdav_server_fs.a in Frameworks */ = {isa = PBXBuildFile; fileRef = 96358D32182AFE2600BE18E8 /* libwebdav_server_fs.a */; };
		96358D3A182AFE4D00BE18E8 /* Security.framework in Frameworks */ = {isa = PBXBuildFile; fileRef = 96358D39182AFE4D00BE18E8 /* Security.framework */; };
		963D09A717A1D89D00AEE673 /* Cocoa.framework in Frameworks */ = {isa = PBXBuildFile; fileRef = 963D09A617A1D89D00AEE673 /* Cocoa.framework */; };
		963D09B117A1D89D00AEE673 /* InfoPlist.strings in Resources */ = {isa = PBXBuildFile; fileRef = 963D09AF17A1D89D00AEE673 /* InfoPlist.strings */; };
		963F170B1877AF7B00E50B2A /* SFXWelcomeWindowController.mm in Sources */ = {isa = PBXBuildFile; fileRef = 963F17091877AF7B00E50B2A /* SFXWelcomeWindowController.mm */; };
		963F170C1877AF7B00E50B2A /* SFXWelcomeWindowController.xib in Resources */ = {isa = PBXBuildFile; fileRef = 963F170A1877AF7B00E50B2A /* SFXWelcomeWindowController.xib */; };
		9644D029182F251600ED4911 /* mount.mm in Sources */ = {isa = PBXBuildFile; fileRef = 9644D028182F251600ED4911 /* mount.mm */; };
		96597DFE1878B0F500073EC9 /* menuBarIconTemplate.icns in Resources */ = {isa = PBXBuildFile; fileRef = 96597DFD1878B0F500073EC9 /* menuBarIconTemplate.icns */; };
		96597E011878D9B700073EC9 /* SFXAboutWindowController.mm in Sources */ = {isa = PBXBuildFile; fileRef = 96597E001878D9B700073EC9 /* SFXAboutWindowController.mm */; };
		966ED38C184F2F3100463408 /* create_safe_dialog_logic.cpp in Sources */ = {isa = PBXBuildFile; fileRef = 966ED386184F2F3100463408 /* create_safe_dialog_logic.cpp */; };
		966ED38D184F2F3100463408 /* mount_safe_dialog_logic.cpp in Sources */ = {isa = PBXBuildFile; fileRef = 966ED389184F2F3100463408 /* mount_safe_dialog_logic.cpp */; };
		9682AA5718832205008A3DB7 /* IOKit.framework in Frameworks */ = {isa = PBXBuildFile; fileRef = 9682AA5618832205008A3DB7 /* IOKit.framework */; };
		9682AA59188373BF008A3DB7 /* mount_webdav_interpose.h in Headers */ = {isa = PBXBuildFile; fileRef = 9682AA58188373BF008A3DB7 /* mount_webdav_interpose.h */; };
		96A3459B188139B7005AE884 /* mount_webdav_interpose.c in Sources */ = {isa = PBXBuildFile; fileRef = 96A3459A188139B7005AE884 /* mount_webdav_interpose.c */; };
		96A3459C1881C3AF005AE884 /* libmount_webdav_interpose.dylib in Resources */ = {isa = PBXBuildFile; fileRef = 96A34596188139A3005AE884 /* libmount_webdav_interpose.dylib */; };
		96D2DC6218B48F3A006A48A5 /* RecentlyUsedNSURLStoreV1.mm in Sources */ = {isa = PBXBuildFile; fileRef = 96D2DC6018B48F3A006A48A5 /* RecentlyUsedNSURLStoreV1.mm */; };
		96E1639517A7528D009BE867 /* output.icns in Resources */ = {isa = PBXBuildFile; fileRef = 96E1639417A7528D009BE867 /* output.icns */; };
		96F0640C18B58D7E0014F6A7 /* shared_file_list.mm in Sources */ = {isa = PBXBuildFile; fileRef = 96F0640A18B58D7E0014F6A7 /* shared_file_list.mm */; };
		96F36AC2185470B500DEE145 /* fs.cpp in Sources */ = {isa = PBXBuildFile; fileRef = 96F36ABE185470B500DEE145 /* fs.cpp */; };
		96F36AC3185470B500DEE145 /* webdav_server.cpp in Sources */ = {isa = PBXBuildFile; fileRef = 96F36AC0185470B500DEE145 /* webdav_server.cpp */; };
/* End PBXBuildFile section */

/* Begin PBXContainerItemProxy section */
		96A3459D1881F181005AE884 /* PBXContainerItemProxy */ = {
			isa = PBXContainerItemProxy;
			containerPortal = 963D099B17A1D89D00AEE673 /* Project object */;
			proxyType = 1;
			remoteGlobalIDString = 96A34595188139A3005AE884;
			remoteInfo = mount_webdav_interpose;
		};
/* End PBXContainerItemProxy section */

/* Begin PBXFileReference section */
		9602994618B165E500B34D75 /* util.hpp */ = {isa = PBXFileReference; fileEncoding = 4; lastKnownFileType = sourcecode.cpp.h; name = util.hpp; path = ../src/safe/mac/util.hpp; sourceTree = "<group>"; };
		9602BF2D182F5F83003291A9 /* SFXAboutWindow.xib */ = {isa = PBXFileReference; fileEncoding = 4; lastKnownFileType = file.xib; name = SFXAboutWindow.xib; path = ../src/safe/mac/SFXAboutWindow.xib; sourceTree = "<group>"; };
		96042A5B18B34F7F00D6CD58 /* keychain.mm */ = {isa = PBXFileReference; fileEncoding = 4; lastKnownFileType = sourcecode.cpp.objcpp; name = keychain.mm; path = ../src/safe/mac/keychain.mm; sourceTree = "<group>"; };
		96042A5C18B34F7F00D6CD58 /* keychain.hpp */ = {isa = PBXFileReference; fileEncoding = 4; lastKnownFileType = sourcecode.cpp.h; name = keychain.hpp; path = ../src/safe/mac/keychain.hpp; sourceTree = "<group>"; };
		9604753318B1667300B9F5FB /* util.mm */ = {isa = PBXFileReference; explicitFileType = sourcecode.cpp.objcpp; fileEncoding = 4; name = util.mm; path = ../src/safe/mac/util.mm; sourceTree = "<group>"; };
		9604753618B190D800B9F5FB /* parse.hpp */ = {isa = PBXFileReference; fileEncoding = 4; lastKnownFileType = sourcecode.cpp.h; name = parse.hpp; path = ../src/safe/parse.hpp; sourceTree = "<group>"; };
		9604753718B19B6D00B9F5FB /* Carbon.framework */ = {isa = PBXFileReference; lastKnownFileType = wrapper.framework; name = Carbon.framework; path = System/Library/Frameworks/Carbon.framework; sourceTree = SDKROOT; };
		9604753918B2DF2600B9F5FB /* system_changes.cpp */ = {isa = PBXFileReference; fileEncoding = 4; lastKnownFileType = sourcecode.cpp.cpp; name = system_changes.cpp; path = ../src/safe/mac/system_changes.cpp; sourceTree = "<group>"; };
		9604753A18B2DF2600B9F5FB /* system_changes.hpp */ = {isa = PBXFileReference; fileEncoding = 4; lastKnownFileType = sourcecode.cpp.h; name = system_changes.hpp; path = ../src/safe/mac/system_changes.hpp; sourceTree = "<group>"; };
		9604753C18B2E13000B9F5FB /* deferred.hpp */ = {isa = PBXFileReference; fileEncoding = 4; lastKnownFileType = sourcecode.cpp.h; name = deferred.hpp; path = ../src/safe/deferred.hpp; sourceTree = "<group>"; };
		96101761182A1499001D50E8 /* CFsToFsIO.cpp */ = {isa = PBXFileReference; fileEncoding = 4; lastKnownFileType = sourcecode.cpp.cpp; name = CFsToFsIO.cpp; path = ../src/safe/CFsToFsIO.cpp; sourceTree = "<group>"; };
		96101762182A1499001D50E8 /* CFsToFsIO.hpp */ = {isa = PBXFileReference; fileEncoding = 4; lastKnownFileType = sourcecode.cpp.h; name = CFsToFsIO.hpp; path = ../src/safe/CFsToFsIO.hpp; sourceTree = "<group>"; };
		96101763182A1499001D50E8 /* fs_fsio.cpp */ = {isa = PBXFileReference; fileEncoding = 4; lastKnownFileType = sourcecode.cpp.cpp; name = fs_fsio.cpp; path = ../src/safe/fs_fsio.cpp; sourceTree = "<group>"; };
		96101764182A1499001D50E8 /* fs_fsio.h */ = {isa = PBXFileReference; fileEncoding = 4; lastKnownFileType = sourcecode.c.h; name = fs_fsio.h; path = ../src/safe/fs_fsio.h; sourceTree = "<group>"; };
		96101765182A1499001D50E8 /* SFXAppDelegate.h */ = {isa = PBXFileReference; fileEncoding = 4; lastKnownFileType = sourcecode.c.h; name = SFXAppDelegate.h; path = ../src/safe/mac/SFXAppDelegate.h; sourceTree = "<group>"; };
		96101766182A1499001D50E8 /* SFXAppDelegate.mm */ = {isa = PBXFileReference; fileEncoding = 4; lastKnownFileType = sourcecode.cpp.objcpp; name = SFXAppDelegate.mm; path = ../src/safe/mac/SFXAppDelegate.mm; sourceTree = "<group>"; };
		9610176A182A1499001D50E8 /* SecureMemPasswordReader.cpp */ = {isa = PBXFileReference; fileEncoding = 4; lastKnownFileType = sourcecode.cpp.cpp; name = SecureMemPasswordReader.cpp; path = ../src/safe/SecureMemPasswordReader.cpp; sourceTree = "<group>"; };
		9610176B182A1499001D50E8 /* SecureMemPasswordReader.hpp */ = {isa = PBXFileReference; fileEncoding = 4; lastKnownFileType = sourcecode.cpp.h; name = SecureMemPasswordReader.hpp; path = ../src/safe/SecureMemPasswordReader.hpp; sourceTree = "<group>"; };
		9610176C182A1499001D50E8 /* util.hpp */ = {isa = PBXFileReference; fileEncoding = 4; lastKnownFileType = sourcecode.cpp.h; name = util.hpp; path = ../src/safe/util.hpp; sourceTree = "<group>"; };
		96185B2F18361C1900A2A67F /* unicode_fs.hpp */ = {isa = PBXFileReference; fileEncoding = 4; lastKnownFileType = sourcecode.cpp.h; name = unicode_fs.hpp; path = ../src/safe/mac/unicode_fs.hpp; sourceTree = "<group>"; };
		96185B3018361C1900A2A67F /* unicode_fs.mm */ = {isa = PBXFileReference; fileEncoding = 4; lastKnownFileType = sourcecode.cpp.objcpp; name = unicode_fs.mm; path = ../src/safe/mac/unicode_fs.mm; sourceTree = "<group>"; };
		96185B3118361C1900A2A67F /* unicode_fs.hpp */ = {isa = PBXFileReference; fileEncoding = 4; lastKnownFileType = sourcecode.cpp.h; name = unicode_fs.hpp; path = ../src/safe/unicode_fs.hpp; sourceTree = "<group>"; };
		96185B3218361C1900A2A67F /* UnicodeWrapperFsIO.cpp */ = {isa = PBXFileReference; fileEncoding = 4; lastKnownFileType = sourcecode.cpp.cpp; name = UnicodeWrapperFsIO.cpp; path = ../src/safe/UnicodeWrapperFsIO.cpp; sourceTree = "<group>"; };
		96185B3318361C1900A2A67F /* UnicodeWrapperFsIO.hpp */ = {isa = PBXFileReference; fileEncoding = 4; lastKnownFileType = sourcecode.cpp.h; name = UnicodeWrapperFsIO.hpp; path = ../src/safe/UnicodeWrapperFsIO.hpp; sourceTree = "<group>"; };
		96230546182B2E5200913551 /* SFXCreateSafeWindowController.h */ = {isa = PBXFileReference; fileEncoding = 4; lastKnownFileType = sourcecode.c.h; name = SFXCreateSafeWindowController.h; path = ../src/safe/mac/SFXCreateSafeWindowController.h; sourceTree = "<group>"; };
		96230547182B2E5200913551 /* SFXCreateSafeWindowController.mm */ = {isa = PBXFileReference; fileEncoding = 4; lastKnownFileType = sourcecode.cpp.objcpp; name = SFXCreateSafeWindowController.mm; path = ../src/safe/mac/SFXCreateSafeWindowController.mm; sourceTree = "<group>"; };
		96230548182B2E5200913551 /* SFXCreateSafeWindowController.xib */ = {isa = PBXFileReference; fileEncoding = 4; lastKnownFileType = file.xib; name = SFXCreateSafeWindowController.xib; path = ../src/safe/mac/SFXCreateSafeWindowController.xib; sourceTree = "<group>"; };
		96230550182C708400913551 /* SFXProgressSheetController.h */ = {isa = PBXFileReference; fileEncoding = 4; lastKnownFileType = sourcecode.c.h; name = SFXProgressSheetController.h; path = ../src/safe/mac/SFXProgressSheetController.h; sourceTree = "<group>"; };
		96230551182C708400913551 /* SFXProgressSheetController.mm */ = {isa = PBXFileReference; fileEncoding = 4; lastKnownFileType = sourcecode.cpp.objcpp; name = SFXProgressSheetController.mm; path = ../src/safe/mac/SFXProgressSheetController.mm; sourceTree = "<group>"; };
		96230552182C708400913551 /* SFXProgressSheetController.xib */ = {isa = PBXFileReference; fileEncoding = 4; lastKnownFileType = file.xib; name = SFXProgressSheetController.xib; path = ../src/safe/mac/SFXProgressSheetController.xib; sourceTree = "<group>"; };
		9632FB71182F107F003C3F2E /* SFXAppMain.xib */ = {isa = PBXFileReference; fileEncoding = 4; lastKnownFileType = file.xib; name = SFXAppMain.xib; path = ../src/safe/mac/SFXAppMain.xib; sourceTree = "<group>"; };
		9632FB73182F1160003C3F2E /* main.m */ = {isa = PBXFileReference; fileEncoding = 4; lastKnownFileType = sourcecode.c.objc; name = main.m; path = ../src/safe/mac/main.m; sourceTree = "<group>"; };
		9632FB75182F1160003C3F2E /* mount.hpp */ = {isa = PBXFileReference; fileEncoding = 4; lastKnownFileType = sourcecode.cpp.h; name = mount.hpp; path = ../src/safe/mac/mount.hpp; sourceTree = "<group>"; };
		9632FB78182F13BD003C3F2E /* SFXMountSafeWindowController.h */ = {isa = PBXFileReference; fileEncoding = 4; lastKnownFileType = sourcecode.c.h; name = SFXMountSafeWindowController.h; path = ../src/safe/mac/SFXMountSafeWindowController.h; sourceTree = "<group>"; };
		9632FB79182F13BD003C3F2E /* SFXMountSafeWindowController.mm */ = {isa = PBXFileReference; fileEncoding = 4; lastKnownFileType = sourcecode.cpp.objcpp; name = SFXMountSafeWindowController.mm; path = ../src/safe/mac/SFXMountSafeWindowController.mm; sourceTree = "<group>"; };
		9632FB7A182F13BD003C3F2E /* SFXMountSafeWindowController.xib */ = {isa = PBXFileReference; fileEncoding = 4; lastKnownFileType = file.xib; name = SFXMountSafeWindowController.xib; path = ../src/safe/mac/SFXMountSafeWindowController.xib; sourceTree = "<group>"; };
		96358D2E182AFE2600BE18E8 /* libencfs.a */ = {isa = PBXFileReference; lastKnownFileType = archive.ar; name = libencfs.a; path = ../out/deps/lib/libencfs.a; sourceTree = "<group>"; };
		96358D30182AFE2600BE18E8 /* libprotobuf.a */ = {isa = PBXFileReference; lastKnownFileType = archive.ar; name = libprotobuf.a; path = ../out/deps/lib/libprotobuf.a; sourceTree = "<group>"; };
		96358D31182AFE2600BE18E8 /* libtinyxml.a */ = {isa = PBXFileReference; lastKnownFileType = archive.ar; name = libtinyxml.a; path = ../out/deps/lib/libtinyxml.a; sourceTree = "<group>"; };
		96358D32182AFE2600BE18E8 /* libwebdav_server_fs.a */ = {isa = PBXFileReference; lastKnownFileType = archive.ar; name = libwebdav_server_fs.a; path = ../out/deps/lib/libwebdav_server_fs.a; sourceTree = "<group>"; };
		96358D39182AFE4D00BE18E8 /* Security.framework */ = {isa = PBXFileReference; lastKnownFileType = wrapper.framework; name = Security.framework; path = System/Library/Frameworks/Security.framework; sourceTree = SDKROOT; };
		963D09A317A1D89D00AEE673 /* Safe.app */ = {isa = PBXFileReference; explicitFileType = wrapper.application; includeInIndex = 0; path = Safe.app; sourceTree = BUILT_PRODUCTS_DIR; };
		963D09A617A1D89D00AEE673 /* Cocoa.framework */ = {isa = PBXFileReference; lastKnownFileType = wrapper.framework; name = Cocoa.framework; path = System/Library/Frameworks/Cocoa.framework; sourceTree = SDKROOT; };
		963D09A917A1D89D00AEE673 /* AppKit.framework */ = {isa = PBXFileReference; lastKnownFileType = wrapper.framework; name = AppKit.framework; path = System/Library/Frameworks/AppKit.framework; sourceTree = SDKROOT; };
		963D09AA17A1D89D00AEE673 /* CoreData.framework */ = {isa = PBXFileReference; lastKnownFileType = wrapper.framework; name = CoreData.framework; path = System/Library/Frameworks/CoreData.framework; sourceTree = SDKROOT; };
		963D09AB17A1D89D00AEE673 /* Foundation.framework */ = {isa = PBXFileReference; lastKnownFileType = wrapper.framework; name = Foundation.framework; path = System/Library/Frameworks/Foundation.framework; sourceTree = SDKROOT; };
		963D09AE17A1D89D00AEE673 /* Safe-Info.plist */ = {isa = PBXFileReference; lastKnownFileType = text.plist.xml; path = "Safe-Info.plist"; sourceTree = "<group>"; };
		963D09B017A1D89D00AEE673 /* en */ = {isa = PBXFileReference; lastKnownFileType = text.plist.strings; name = en; path = en.lproj/InfoPlist.strings; sourceTree = "<group>"; };
		963D09B417A1D89D00AEE673 /* Safe-Prefix.pch */ = {isa = PBXFileReference; lastKnownFileType = sourcecode.c.h; path = "Safe-Prefix.pch"; sourceTree = "<group>"; };
		963D09B617A1D89D00AEE673 /* en */ = {isa = PBXFileReference; lastKnownFileType = text.rtf; name = en; path = en.lproj/Credits.rtf; sourceTree = "<group>"; };
		963D09C417A1D89D00AEE673 /* SenTestingKit.framework */ = {isa = PBXFileReference; lastKnownFileType = wrapper.framework; name = SenTestingKit.framework; path = Library/Frameworks/SenTestingKit.framework; sourceTree = DEVELOPER_DIR; };
		963F17081877AF7B00E50B2A /* SFXWelcomeWindowController.h */ = {isa = PBXFileReference; fileEncoding = 4; lastKnownFileType = sourcecode.c.h; name = SFXWelcomeWindowController.h; path = ../src/safe/mac/SFXWelcomeWindowController.h; sourceTree = "<group>"; };
		963F17091877AF7B00E50B2A /* SFXWelcomeWindowController.mm */ = {isa = PBXFileReference; fileEncoding = 4; lastKnownFileType = sourcecode.cpp.objcpp; name = SFXWelcomeWindowController.mm; path = ../src/safe/mac/SFXWelcomeWindowController.mm; sourceTree = "<group>"; };
		963F170A1877AF7B00E50B2A /* SFXWelcomeWindowController.xib */ = {isa = PBXFileReference; fileEncoding = 4; lastKnownFileType = file.xib; name = SFXWelcomeWindowController.xib; path = ../src/safe/mac/SFXWelcomeWindowController.xib; sourceTree = "<group>"; };
		9644D028182F251600ED4911 /* mount.mm */ = {isa = PBXFileReference; fileEncoding = 4; lastKnownFileType = sourcecode.cpp.objcpp; name = mount.mm; path = ../src/safe/mac/mount.mm; sourceTree = "<group>"; };
		9644D02A182F3E4100ED4911 /* logging.h */ = {isa = PBXFileReference; fileEncoding = 4; lastKnownFileType = sourcecode.c.h; name = logging.h; path = ../src/safe/logging.h; sourceTree = "<group>"; };
		9653052618319A9900676ABE /* recent_paths_storage.hpp */ = {isa = PBXFileReference; fileEncoding = 4; lastKnownFileType = sourcecode.cpp.h; name = recent_paths_storage.hpp; path = ../src/safe/recent_paths_storage.hpp; sourceTree = "<group>"; };
		96597DFD1878B0F500073EC9 /* menuBarIconTemplate.icns */ = {isa = PBXFileReference; lastKnownFileType = image.icns; path = menuBarIconTemplate.icns; sourceTree = SOURCE_ROOT; };
		96597DFF1878D9B700073EC9 /* SFXAboutWindowController.h */ = {isa = PBXFileReference; fileEncoding = 4; lastKnownFileType = sourcecode.c.h; name = SFXAboutWindowController.h; path = ../src/safe/mac/SFXAboutWindowController.h; sourceTree = "<group>"; };
		96597E001878D9B700073EC9 /* SFXAboutWindowController.mm */ = {isa = PBXFileReference; fileEncoding = 4; lastKnownFileType = sourcecode.cpp.objcpp; name = SFXAboutWindowController.mm; path = ../src/safe/mac/SFXAboutWindowController.mm; sourceTree = "<group>"; };
		96597E02187CDD1E00073EC9 /* mount_common.hpp */ = {isa = PBXFileReference; fileEncoding = 4; lastKnownFileType = sourcecode.cpp.h; name = mount_common.hpp; path = ../src/safe/mount_common.hpp; sourceTree = "<group>"; };
		966ED386184F2F3100463408 /* create_safe_dialog_logic.cpp */ = {isa = PBXFileReference; fileEncoding = 4; lastKnownFileType = sourcecode.cpp.cpp; name = create_safe_dialog_logic.cpp; path = ../src/safe/create_safe_dialog_logic.cpp; sourceTree = "<group>"; };
		966ED387184F2F3100463408 /* create_safe_dialog_logic.hpp */ = {isa = PBXFileReference; fileEncoding = 4; lastKnownFileType = sourcecode.cpp.h; name = create_safe_dialog_logic.hpp; path = ../src/safe/create_safe_dialog_logic.hpp; sourceTree = "<group>"; };
		966ED389184F2F3100463408 /* mount_safe_dialog_logic.cpp */ = {isa = PBXFileReference; fileEncoding = 4; lastKnownFileType = sourcecode.cpp.cpp; name = mount_safe_dialog_logic.cpp; path = ../src/safe/mount_safe_dialog_logic.cpp; sourceTree = "<group>"; };
		966ED38A184F2F3100463408 /* mount_safe_dialog_logic.hpp */ = {isa = PBXFileReference; fileEncoding = 4; lastKnownFileType = sourcecode.cpp.h; name = mount_safe_dialog_logic.hpp; path = ../src/safe/mount_safe_dialog_logic.hpp; sourceTree = "<group>"; };
		966ED38B184F2F3100463408 /* product_name.h */ = {isa = PBXFileReference; fileEncoding = 4; lastKnownFileType = sourcecode.c.h; name = product_name.h; path = ../src/safe/product_name.h; sourceTree = "<group>"; };
		9682AA5618832205008A3DB7 /* IOKit.framework */ = {isa = PBXFileReference; lastKnownFileType = wrapper.framework; name = IOKit.framework; path = System/Library/Frameworks/IOKit.framework; sourceTree = SDKROOT; };
		9682AA58188373BF008A3DB7 /* mount_webdav_interpose.h */ = {isa = PBXFileReference; fileEncoding = 4; lastKnownFileType = sourcecode.c.h; name = mount_webdav_interpose.h; path = ../src/mount_webdav_interpose/mount_webdav_interpose.h; sourceTree = "<group>"; };
		96974443185422000042FA6C /* tray_menu.hpp */ = {isa = PBXFileReference; fileEncoding = 4; lastKnownFileType = sourcecode.cpp.h; name = tray_menu.hpp; path = ../src/safe/tray_menu.hpp; sourceTree = "<group>"; };
		96A34596188139A3005AE884 /* libmount_webdav_interpose.dylib */ = {isa = PBXFileReference; explicitFileType = "compiled.mach-o.dylib"; includeInIndex = 0; path = libmount_webdav_interpose.dylib; sourceTree = BUILT_PRODUCTS_DIR; };
		96A3459A188139B7005AE884 /* mount_webdav_interpose.c */ = {isa = PBXFileReference; fileEncoding = 4; lastKnownFileType = sourcecode.c.c; name = mount_webdav_interpose.c; path = ../src/mount_webdav_interpose/mount_webdav_interpose.c; sourceTree = "<group>"; };
		96A7AEAB185473030003AEE5 /* constants.h */ = {isa = PBXFileReference; fileEncoding = 4; lastKnownFileType = sourcecode.c.h; name = constants.h; path = ../src/safe/constants.h; sourceTree = "<group>"; };
		96D2DC6018B48F3A006A48A5 /* RecentlyUsedNSURLStoreV1.mm */ = {isa = PBXFileReference; fileEncoding = 4; lastKnownFileType = sourcecode.cpp.objcpp; name = RecentlyUsedNSURLStoreV1.mm; path = ../src/safe/mac/RecentlyUsedNSURLStoreV1.mm; sourceTree = "<group>"; };
		96D2DC6118B48F3A006A48A5 /* RecentlyUsedNSURLStoreV1.hpp */ = {isa = PBXFileReference; fileEncoding = 4; lastKnownFileType = sourcecode.cpp.h; name = RecentlyUsedNSURLStoreV1.hpp; path = ../src/safe/mac/RecentlyUsedNSURLStoreV1.hpp; sourceTree = "<group>"; };
		96E1639417A7528D009BE867 /* output.icns */ = {isa = PBXFileReference; lastKnownFileType = image.icns; name = output.icns; path = ../output.icns; sourceTree = "<group>"; };
		96F0640A18B58D7E0014F6A7 /* shared_file_list.mm */ = {isa = PBXFileReference; fileEncoding = 4; lastKnownFileType = sourcecode.cpp.objcpp; name = shared_file_list.mm; path = ../src/safe/mac/shared_file_list.mm; sourceTree = "<group>"; };
		96F0640B18B58D7E0014F6A7 /* shared_file_list.hpp */ = {isa = PBXFileReference; fileEncoding = 4; lastKnownFileType = sourcecode.cpp.h; name = shared_file_list.hpp; path = ../src/safe/mac/shared_file_list.hpp; sourceTree = "<group>"; };
		96F36ABE185470B500DEE145 /* fs.cpp */ = {isa = PBXFileReference; fileEncoding = 4; lastKnownFileType = sourcecode.cpp.cpp; name = fs.cpp; path = ../src/safe/fs.cpp; sourceTree = "<group>"; };
		96F36ABF185470B500DEE145 /* fs.hpp */ = {isa = PBXFileReference; fileEncoding = 4; lastKnownFileType = sourcecode.cpp.h; name = fs.hpp; path = ../src/safe/fs.hpp; sourceTree = "<group>"; };
		96F36AC0185470B500DEE145 /* webdav_server.cpp */ = {isa = PBXFileReference; fileEncoding = 4; lastKnownFileType = sourcecode.cpp.cpp; name = webdav_server.cpp; path = ../src/safe/webdav_server.cpp; sourceTree = "<group>"; };
		96F36AC1185470B500DEE145 /* webdav_server.hpp */ = {isa = PBXFileReference; fileEncoding = 4; lastKnownFileType = sourcecode.cpp.h; name = webdav_server.hpp; path = ../src/safe/webdav_server.hpp; sourceTree = "<group>"; };
/* End PBXFileReference section */

/* Begin PBXFrameworksBuildPhase section */
		963D09A017A1D89D00AEE673 /* Frameworks */ = {
			isa = PBXFrameworksBuildPhase;
			buildActionMask = 2147483647;
			files = (
				9604753818B19B6D00B9F5FB /* Carbon.framework in Frameworks */,
				9682AA5718832205008A3DB7 /* IOKit.framework in Frameworks */,
				96358D3A182AFE4D00BE18E8 /* Security.framework in Frameworks */,
				96358D34182AFE2600BE18E8 /* libencfs.a in Frameworks */,
				96358D36182AFE2600BE18E8 /* libprotobuf.a in Frameworks */,
				96358D37182AFE2600BE18E8 /* libtinyxml.a in Frameworks */,
				96358D38182AFE2600BE18E8 /* libwebdav_server_fs.a in Frameworks */,
				963D09A717A1D89D00AEE673 /* Cocoa.framework in Frameworks */,
			);
			runOnlyForDeploymentPostprocessing = 0;
		};
		96A34593188139A3005AE884 /* Frameworks */ = {
			isa = PBXFrameworksBuildPhase;
			buildActionMask = 2147483647;
			files = (
			);
			runOnlyForDeploymentPostprocessing = 0;
		};
/* End PBXFrameworksBuildPhase section */

/* Begin PBXGroup section */
		9610175F182A1407001D50E8 /* src */ = {
			isa = PBXGroup;
			children = (
				96C18F9F18B420F800D7DD37 /* ui */,
				96C18F9E18B420A300D7DD37 /* ui-mac */,
				96C18F9D18B4209800D7DD37 /* core */,
				96C18F9C18B4203800D7DD37 /* core-mac */,
			);
			name = src;
			sourceTree = "<group>";
		};
		963D099A17A1D89D00AEE673 = {
			isa = PBXGroup;
			children = (
				96E9AE29182B012E00DDBF4E /* static libs */,
				9610175F182A1407001D50E8 /* src */,
				96C18FA018B421DF00D7DD37 /* mount_webdav_interpose_src */,
				963D09AD17A1D89D00AEE673 /* Supporting Files */,
				963D09A517A1D89D00AEE673 /* Frameworks */,
				963D09A417A1D89D00AEE673 /* Products */,
			);
			sourceTree = "<group>";
		};
		963D09A417A1D89D00AEE673 /* Products */ = {
			isa = PBXGroup;
			children = (
				963D09A317A1D89D00AEE673 /* Safe.app */,
				96A34596188139A3005AE884 /* libmount_webdav_interpose.dylib */,
			);
			name = Products;
			sourceTree = "<group>";
		};
		963D09A517A1D89D00AEE673 /* Frameworks */ = {
			isa = PBXGroup;
			children = (
				9604753718B19B6D00B9F5FB /* Carbon.framework */,
				9682AA5618832205008A3DB7 /* IOKit.framework */,
				96358D39182AFE4D00BE18E8 /* Security.framework */,
				963D09A617A1D89D00AEE673 /* Cocoa.framework */,
				963D09C417A1D89D00AEE673 /* SenTestingKit.framework */,
				963D09A817A1D89D00AEE673 /* Other Frameworks */,
			);
			name = Frameworks;
			sourceTree = "<group>";
		};
		963D09A817A1D89D00AEE673 /* Other Frameworks */ = {
			isa = PBXGroup;
			children = (
				963D09A917A1D89D00AEE673 /* AppKit.framework */,
				963D09AA17A1D89D00AEE673 /* CoreData.framework */,
				963D09AB17A1D89D00AEE673 /* Foundation.framework */,
			);
			name = "Other Frameworks";
			sourceTree = "<group>";
		};
		963D09AD17A1D89D00AEE673 /* Supporting Files */ = {
			isa = PBXGroup;
			children = (
				96597DFD1878B0F500073EC9 /* menuBarIconTemplate.icns */,
				96E1639417A7528D009BE867 /* output.icns */,
				963D09AE17A1D89D00AEE673 /* Safe-Info.plist */,
				963D09AF17A1D89D00AEE673 /* InfoPlist.strings */,
				963D09B417A1D89D00AEE673 /* Safe-Prefix.pch */,
				963D09B517A1D89D00AEE673 /* Credits.rtf */,
			);
			name = "Supporting Files";
			path = Safe;
			sourceTree = "<group>";
		};
		96C18F9C18B4203800D7DD37 /* core-mac */ = {
			isa = PBXGroup;
			children = (
				96185B2F18361C1900A2A67F /* unicode_fs.hpp */,
				96185B3018361C1900A2A67F /* unicode_fs.mm */,
				9602994618B165E500B34D75 /* util.hpp */,
				9604753318B1667300B9F5FB /* util.mm */,
				9632FB75182F1160003C3F2E /* mount.hpp */,
				9644D028182F251600ED4911 /* mount.mm */,
				9632FB73182F1160003C3F2E /* main.m */,
				96101765182A1499001D50E8 /* SFXAppDelegate.h */,
				96101766182A1499001D50E8 /* SFXAppDelegate.mm */,
				9604753918B2DF2600B9F5FB /* system_changes.cpp */,
				9604753A18B2DF2600B9F5FB /* system_changes.hpp */,
				96042A5B18B34F7F00D6CD58 /* keychain.mm */,
				96042A5C18B34F7F00D6CD58 /* keychain.hpp */,
				96D2DC6018B48F3A006A48A5 /* RecentlyUsedNSURLStoreV1.mm */,
				96D2DC6118B48F3A006A48A5 /* RecentlyUsedNSURLStoreV1.hpp */,
				96F0640A18B58D7E0014F6A7 /* shared_file_list.mm */,
				96F0640B18B58D7E0014F6A7 /* shared_file_list.hpp */,
			);
			name = "core-mac";
			sourceTree = "<group>";
		};
		96C18F9D18B4209800D7DD37 /* core */ = {
			isa = PBXGroup;
			children = (
				966ED38B184F2F3100463408 /* product_name.h */,
				9604753C18B2E13000B9F5FB /* deferred.hpp */,
				9604753618B190D800B9F5FB /* parse.hpp */,
				96597E02187CDD1E00073EC9 /* mount_common.hpp */,
				96A7AEAB185473030003AEE5 /* constants.h */,
				96F36ABE185470B500DEE145 /* fs.cpp */,
				96F36ABF185470B500DEE145 /* fs.hpp */,
				96F36AC0185470B500DEE145 /* webdav_server.cpp */,
				96F36AC1185470B500DEE145 /* webdav_server.hpp */,
				96185B3118361C1900A2A67F /* unicode_fs.hpp */,
				96185B3218361C1900A2A67F /* UnicodeWrapperFsIO.cpp */,
				96185B3318361C1900A2A67F /* UnicodeWrapperFsIO.hpp */,
				9653052618319A9900676ABE /* recent_paths_storage.hpp */,
				9644D02A182F3E4100ED4911 /* logging.h */,
				96101761182A1499001D50E8 /* CFsToFsIO.cpp */,
				96101762182A1499001D50E8 /* CFsToFsIO.hpp */,
				96101763182A1499001D50E8 /* fs_fsio.cpp */,
				96101764182A1499001D50E8 /* fs_fsio.h */,
				9610176A182A1499001D50E8 /* SecureMemPasswordReader.cpp */,
				9610176B182A1499001D50E8 /* SecureMemPasswordReader.hpp */,
				9610176C182A1499001D50E8 /* util.hpp */,
			);
			name = core;
			sourceTree = "<group>";
		};
		96C18F9E18B420A300D7DD37 /* ui-mac */ = {
			isa = PBXGroup;
			children = (
				96230546182B2E5200913551 /* SFXCreateSafeWindowController.h */,
				96230547182B2E5200913551 /* SFXCreateSafeWindowController.mm */,
				96230548182B2E5200913551 /* SFXCreateSafeWindowController.xib */,
				96230550182C708400913551 /* SFXProgressSheetController.h */,
				96230551182C708400913551 /* SFXProgressSheetController.mm */,
				96230552182C708400913551 /* SFXProgressSheetController.xib */,
				963F17081877AF7B00E50B2A /* SFXWelcomeWindowController.h */,
				963F17091877AF7B00E50B2A /* SFXWelcomeWindowController.mm */,
				963F170A1877AF7B00E50B2A /* SFXWelcomeWindowController.xib */,
				96597DFF1878D9B700073EC9 /* SFXAboutWindowController.h */,
				96597E001878D9B700073EC9 /* SFXAboutWindowController.mm */,
				9602BF2D182F5F83003291A9 /* SFXAboutWindow.xib */,
				9632FB78182F13BD003C3F2E /* SFXMountSafeWindowController.h */,
				9632FB79182F13BD003C3F2E /* SFXMountSafeWindowController.mm */,
				9632FB7A182F13BD003C3F2E /* SFXMountSafeWindowController.xib */,
				9632FB71182F107F003C3F2E /* SFXAppMain.xib */,
			);
			name = "ui-mac";
			sourceTree = "<group>";
		};
		96C18F9F18B420F800D7DD37 /* ui */ = {
			isa = PBXGroup;
			children = (
				96974443185422000042FA6C /* tray_menu.hpp */,
				966ED386184F2F3100463408 /* create_safe_dialog_logic.cpp */,
				966ED387184F2F3100463408 /* create_safe_dialog_logic.hpp */,
				966ED389184F2F3100463408 /* mount_safe_dialog_logic.cpp */,
				966ED38A184F2F3100463408 /* mount_safe_dialog_logic.hpp */,
			);
			name = ui;
			sourceTree = "<group>";
		};
		96C18FA018B421DF00D7DD37 /* mount_webdav_interpose_src */ = {
			isa = PBXGroup;
			children = (
				9682AA58188373BF008A3DB7 /* mount_webdav_interpose.h */,
				96A3459A188139B7005AE884 /* mount_webdav_interpose.c */,
			);
			name = mount_webdav_interpose_src;
			sourceTree = "<group>";
		};
		96E9AE29182B012E00DDBF4E /* static libs */ = {
			isa = PBXGroup;
			children = (
				96358D2E182AFE2600BE18E8 /* libencfs.a */,
				96358D30182AFE2600BE18E8 /* libprotobuf.a */,
				96358D31182AFE2600BE18E8 /* libtinyxml.a */,
				96358D32182AFE2600BE18E8 /* libwebdav_server_fs.a */,
			);
			name = "static libs";
			sourceTree = "<group>";
		};
/* End PBXGroup section */

/* Begin PBXHeadersBuildPhase section */
		96A34594188139A3005AE884 /* Headers */ = {
			isa = PBXHeadersBuildPhase;
			buildActionMask = 2147483647;
			files = (
				9682AA59188373BF008A3DB7 /* mount_webdav_interpose.h in Headers */,
			);
			runOnlyForDeploymentPostprocessing = 0;
		};
/* End PBXHeadersBuildPhase section */

/* Begin PBXNativeTarget section */
		963D09A217A1D89D00AEE673 /* Safe */ = {
			isa = PBXNativeTarget;
			buildConfigurationList = 963D09D417A1D89D00AEE673 /* Build configuration list for PBXNativeTarget "Safe" */;
			buildPhases = (
				96358D2C182A19D500BE18E8 /* ShellScript */,
				963D099F17A1D89D00AEE673 /* Sources */,
				963D09A017A1D89D00AEE673 /* Frameworks */,
				963D09A117A1D89D00AEE673 /* Resources */,
				96FCB3F4185716E400FB2839 /* ShellScript */,
			);
			buildRules = (
			);
			dependencies = (
				96A3459E1881F181005AE884 /* PBXTargetDependency */,
			);
			name = Safe;
			productName = Safe;
			productReference = 963D09A317A1D89D00AEE673 /* Safe.app */;
			productType = "com.apple.product-type.application";
		};
		96A34595188139A3005AE884 /* mount_webdav_interpose */ = {
			isa = PBXNativeTarget;
			buildConfigurationList = 96A34597188139A3005AE884 /* Build configuration list for PBXNativeTarget "mount_webdav_interpose" */;
			buildPhases = (
				96A34592188139A3005AE884 /* Sources */,
				96A34593188139A3005AE884 /* Frameworks */,
				96A34594188139A3005AE884 /* Headers */,
			);
			buildRules = (
			);
			dependencies = (
			);
			name = mount_webdav_interpose;
			productName = mount_webdav_interpose;
			productReference = 96A34596188139A3005AE884 /* libmount_webdav_interpose.dylib */;
			productType = "com.apple.product-type.library.dynamic";
		};
/* End PBXNativeTarget section */

/* Begin PBXProject section */
		963D099B17A1D89D00AEE673 /* Project object */ = {
			isa = PBXProject;
			attributes = {
				CLASSPREFIX = SFX;
				LastUpgradeCheck = 0500;
				ORGANIZATIONNAME = "Rian Hunter";
				TargetAttributes = {
					963D09A217A1D89D00AEE673 = {
						SystemCapabilities = {
							com.apple.Sandbox = {
								enabled = 0;
							};
						};
					};
				};
			};
			buildConfigurationList = 963D099E17A1D89D00AEE673 /* Build configuration list for PBXProject "Safe" */;
			compatibilityVersion = "Xcode 3.2";
			developmentRegion = English;
			hasScannedForEncodings = 0;
			knownRegions = (
				en,
			);
			mainGroup = 963D099A17A1D89D00AEE673;
			productRefGroup = 963D09A417A1D89D00AEE673 /* Products */;
			projectDirPath = "";
			projectRoot = "";
			targets = (
				963D09A217A1D89D00AEE673 /* Safe */,
				96A34595188139A3005AE884 /* mount_webdav_interpose */,
			);
		};
/* End PBXProject section */

/* Begin PBXResourcesBuildPhase section */
		963D09A117A1D89D00AEE673 /* Resources */ = {
			isa = PBXResourcesBuildPhase;
			buildActionMask = 2147483647;
			files = (
				96A3459C1881C3AF005AE884 /* libmount_webdav_interpose.dylib in Resources */,
				963D09B117A1D89D00AEE673 /* InfoPlist.strings in Resources */,
				963F170C1877AF7B00E50B2A /* SFXWelcomeWindowController.xib in Resources */,
				9632FB7C182F13BD003C3F2E /* SFXMountSafeWindowController.xib in Resources */,
				9602BF2E182F5F83003291A9 /* SFXAboutWindow.xib in Resources */,
				96597DFE1878B0F500073EC9 /* menuBarIconTemplate.icns in Resources */,
				96230554182C708400913551 /* SFXProgressSheetController.xib in Resources */,
				9623054A182B2E5200913551 /* SFXCreateSafeWindowController.xib in Resources */,
				96E1639517A7528D009BE867 /* output.icns in Resources */,
				9632FB72182F107F003C3F2E /* SFXAppMain.xib in Resources */,
			);
			runOnlyForDeploymentPostprocessing = 0;
		};
/* End PBXResourcesBuildPhase section */

/* Begin PBXShellScriptBuildPhase section */
		96358D2C182A19D500BE18E8 /* ShellScript */ = {
			isa = PBXShellScriptBuildPhase;
			buildActionMask = 2147483647;
			files = (
			);
			inputPaths = (
			);
			outputPaths = (
			);
			runOnlyForDeploymentPostprocessing = 0;
			shellPath = /bin/sh;
			shellScript = "cd $SRCROOT/..\n\n# add cmake to path\nPATH=\"/usr/local/bin:$PATH\"\n\n# set up compiler environment\n\n# TODO: derive from xcode settings\nCC=clang\nCXX=clang++\n\nif [ \"$CLANG_CXX_LIBRARYx\" != x ]; then\n    CXXFLAGS=\"$CXXFLAGS -stdlib=$CLANG_CXX_LIBRARY\"\nfi\n\nif [ \"$GCC_GENERATE_DEBUGGING_SYMBOLS\" = YES ]; then\n    CXXFLAGS=\"$CXXFLAGS -g\"\n    CFLAGS=\"$CFLAGS -g\"\nfi\n\nfor DEF in $GCC_PREPROCESSOR_DEFINITIONS; do\n    CXXFLAGS=\"$CXXFLAGS -D$DEF\"\n    CFLAGS=\"$CFLAGS -D$DEF\"\ndone\n\nif [ \"$GCC_OPTIMIZATION_LEVELx\" != x ]; then\n    CXXFLAGS=\"$CXXFLAGS -O$GCC_OPTIMIZATION_LEVEL\"\n    CFLAGS=\"$CFLAGS -O$GCC_OPTIMIZATION_LEVEL\"\nfi\n\nif [ \"$LLVM_LTO\" = YES ]; then\n    CXXFLAGS=\"$CXXFLAGS -emit-llvm\"\n    CFLAGS=\"$CFLAGS -emit-llvm\"\nfi\n\nif [ \"$LLVM_VECTORIZE_LOOPS\" != YES ]; then\n    CXXFLAGS=\"$CXXFLAGS -fno-vectorize\"\n    CFLAGS=\"$CFLAGS -fno-vectorize\"\nfi\n\nexport CXXFLAGS CFLAGS CPPFLAGS CC CXX\n\nenv > ~/yo.txt\n\nOUT_DIR=\"Xcode-$CONFIGURATION-out\"\nif ! ./are_dependencies_up_to_date.sh \".\" \"$OUT_DIR\"; then\n    make \"OUT_DIR=$OUT_DIR\" clean-deps\n    make \"OUT_DIR=$OUT_DIR\" dependencies\nfi";
		};
		96FCB3F4185716E400FB2839 /* ShellScript */ = {
			isa = PBXShellScriptBuildPhase;
			buildActionMask = 8;
			files = (
			);
			inputPaths = (
				"$(TARGET_BUILD_DIR)/$(EXECUTABLE_PATH)",
			);
			outputPaths = (
			);
			runOnlyForDeploymentPostprocessing = 1;
			shellPath = /bin/sh;
			shellScript = "strip -u -r \"${TARGET_BUILD_DIR}/${EXECUTABLE_PATH}\"\n\nUPX=$(which upx)\nif [ -z \"$UPX\"] && [ -x /usr/local/bin/upx ]; then\n    UPX=/usr/local/bin/upx\nfi\n\nexec \"$UPX\" --best --ultra-brute \"${TARGET_BUILD_DIR}/${EXECUTABLE_PATH}\"";
		};
/* End PBXShellScriptBuildPhase section */

/* Begin PBXSourcesBuildPhase section */
		963D099F17A1D89D00AEE673 /* Sources */ = {
			isa = PBXSourcesBuildPhase;
			buildActionMask = 2147483647;
			files = (
				96185B3518361C1900A2A67F /* UnicodeWrapperFsIO.cpp in Sources */,
				96185B3418361C1900A2A67F /* unicode_fs.mm in Sources */,
				96F0640C18B58D7E0014F6A7 /* shared_file_list.mm in Sources */,
				9610176D182A1499001D50E8 /* CFsToFsIO.cpp in Sources */,
				96230549182B2E5200913551 /* SFXCreateSafeWindowController.mm in Sources */,
				96F36AC3185470B500DEE145 /* webdav_server.cpp in Sources */,
				963F170B1877AF7B00E50B2A /* SFXWelcomeWindowController.mm in Sources */,
				966ED38C184F2F3100463408 /* create_safe_dialog_logic.cpp in Sources */,
				9604753B18B2DF2600B9F5FB /* system_changes.cpp in Sources */,
				9604753518B1667300B9F5FB /* util.mm in Sources */,
				96042A5D18B34F7F00D6CD58 /* keychain.mm in Sources */,
				9610176E182A1499001D50E8 /* fs_fsio.cpp in Sources */,
				9610176F182A1499001D50E8 /* SFXAppDelegate.mm in Sources */,
				9632FB7B182F13BD003C3F2E /* SFXMountSafeWindowController.mm in Sources */,
				966ED38D184F2F3100463408 /* mount_safe_dialog_logic.cpp in Sources */,
				96101772182A1499001D50E8 /* SecureMemPasswordReader.cpp in Sources */,
				96F36AC2185470B500DEE145 /* fs.cpp in Sources */,
				96230553182C708400913551 /* SFXProgressSheetController.mm in Sources */,
				96597E011878D9B700073EC9 /* SFXAboutWindowController.mm in Sources */,
				9632FB76182F1160003C3F2E /* main.m in Sources */,
				96D2DC6218B48F3A006A48A5 /* RecentlyUsedNSURLStoreV1.mm in Sources */,
				9644D029182F251600ED4911 /* mount.mm in Sources */,
			);
			runOnlyForDeploymentPostprocessing = 0;
		};
		96A34592188139A3005AE884 /* Sources */ = {
			isa = PBXSourcesBuildPhase;
			buildActionMask = 2147483647;
			files = (
				96A3459B188139B7005AE884 /* mount_webdav_interpose.c in Sources */,
			);
			runOnlyForDeploymentPostprocessing = 0;
		};
/* End PBXSourcesBuildPhase section */

/* Begin PBXTargetDependency section */
		96A3459E1881F181005AE884 /* PBXTargetDependency */ = {
			isa = PBXTargetDependency;
			target = 96A34595188139A3005AE884 /* mount_webdav_interpose */;
			targetProxy = 96A3459D1881F181005AE884 /* PBXContainerItemProxy */;
		};
/* End PBXTargetDependency section */

/* Begin PBXVariantGroup section */
		963D09AF17A1D89D00AEE673 /* InfoPlist.strings */ = {
			isa = PBXVariantGroup;
			children = (
				963D09B017A1D89D00AEE673 /* en */,
			);
			name = InfoPlist.strings;
			sourceTree = "<group>";
		};
		963D09B517A1D89D00AEE673 /* Credits.rtf */ = {
			isa = PBXVariantGroup;
			children = (
				963D09B617A1D89D00AEE673 /* en */,
			);
			name = Credits.rtf;
			sourceTree = "<group>";
		};
/* End PBXVariantGroup section */

/* Begin XCBuildConfiguration section */
		963D09D217A1D89D00AEE673 /* Debug */ = {
			isa = XCBuildConfiguration;
			buildSettings = {
				ALWAYS_SEARCH_USER_PATHS = NO;
				CLANG_CXX_LANGUAGE_STANDARD = "c++0x";
				CLANG_CXX_LIBRARY = "libc++";
				CLANG_ENABLE_OBJC_ARC = YES;
				CLANG_WARN_CONSTANT_CONVERSION = YES;
				CLANG_WARN_EMPTY_BODY = YES;
				CLANG_WARN_ENUM_CONVERSION = YES;
				CLANG_WARN_INT_CONVERSION = YES;
				CLANG_WARN_SUSPICIOUS_IMPLICIT_CONVERSION = YES;
				CLANG_WARN__DUPLICATE_METHOD_MATCH = YES;
				COPY_PHASE_STRIP = NO;
				DEBUG_INFORMATION_FORMAT = "dwarf-with-dsym";
				GCC_C_LANGUAGE_STANDARD = c99;
				GCC_ENABLE_OBJC_EXCEPTIONS = YES;
				GCC_OPTIMIZATION_LEVEL = 0;
				GCC_TREAT_IMPLICIT_FUNCTION_DECLARATIONS_AS_ERRORS = YES;
				GCC_TREAT_INCOMPATIBLE_POINTER_TYPE_WARNINGS_AS_ERRORS = YES;
				GCC_TREAT_WARNINGS_AS_ERRORS = YES;
				GCC_WARN_ABOUT_RETURN_TYPE = YES;
				GCC_WARN_FOUR_CHARACTER_CONSTANTS = YES;
				GCC_WARN_INITIALIZER_NOT_FULLY_BRACKETED = YES;
				GCC_WARN_SHADOW = YES;
				GCC_WARN_SIGN_COMPARE = YES;
				GCC_WARN_UNINITIALIZED_AUTOS = YES;
				GCC_WARN_UNKNOWN_PRAGMAS = YES;
				GCC_WARN_UNUSED_FUNCTION = YES;
				GCC_WARN_UNUSED_LABEL = YES;
				GCC_WARN_UNUSED_PARAMETER = YES;
				GCC_WARN_UNUSED_VARIABLE = YES;
				HEADER_SEARCH_PATHS = (
					"$(inherited)",
					/Applications/Xcode.app/Contents/Developer/Toolchains/XcodeDefault.xctoolchain/usr/include,
					"$(SRCROOT)/../src",
					"$(SRCROOT)/../Xcode-Debug-out/deps/include",
				);
				LIBRARY_SEARCH_PATHS = "$(SRCROOT)/../Xcode-Debug-out/deps/lib";
				MACOSX_DEPLOYMENT_TARGET = 10.7;
				ONLY_ACTIVE_ARCH = YES;
				SDKROOT = macosx;
				USER_HEADER_SEARCH_PATHS = "$(SRCROOT)/../Xcode-Debug-out/deps/include/encfs $(SRCROOT)/../Xcode-Debug-out/deps/include/davfuse $(SRCROOT)/../Xcode-Debug-out/deps/include/encfs/base";
			};
			name = Debug;
		};
		963D09D317A1D89D00AEE673 /* Release */ = {
			isa = XCBuildConfiguration;
			buildSettings = {
				ALWAYS_SEARCH_USER_PATHS = NO;
				CLANG_CXX_LANGUAGE_STANDARD = "c++0x";
				CLANG_CXX_LIBRARY = "libc++";
				CLANG_ENABLE_OBJC_ARC = YES;
				CLANG_WARN_CONSTANT_CONVERSION = YES;
				CLANG_WARN_EMPTY_BODY = YES;
				CLANG_WARN_ENUM_CONVERSION = YES;
				CLANG_WARN_INT_CONVERSION = YES;
				CLANG_WARN_SUSPICIOUS_IMPLICIT_CONVERSION = YES;
				CLANG_WARN__DUPLICATE_METHOD_MATCH = YES;
				COPY_PHASE_STRIP = YES;
				DEAD_CODE_STRIPPING = YES;
				DEBUG_INFORMATION_FORMAT = "dwarf-with-dsym";
				ENABLE_NS_ASSERTIONS = NO;
				GCC_C_LANGUAGE_STANDARD = c99;
				GCC_ENABLE_OBJC_EXCEPTIONS = YES;
				GCC_GENERATE_DEBUGGING_SYMBOLS = NO;
				GCC_OPTIMIZATION_LEVEL = s;
				GCC_PREPROCESSOR_DEFINITIONS = NDEBUG;
				GCC_TREAT_IMPLICIT_FUNCTION_DECLARATIONS_AS_ERRORS = YES;
				GCC_TREAT_INCOMPATIBLE_POINTER_TYPE_WARNINGS_AS_ERRORS = YES;
				GCC_TREAT_WARNINGS_AS_ERRORS = YES;
				GCC_WARN_ABOUT_RETURN_TYPE = YES;
				GCC_WARN_FOUR_CHARACTER_CONSTANTS = YES;
				GCC_WARN_INITIALIZER_NOT_FULLY_BRACKETED = YES;
				GCC_WARN_SHADOW = YES;
				GCC_WARN_SIGN_COMPARE = YES;
				GCC_WARN_UNINITIALIZED_AUTOS = YES;
				GCC_WARN_UNKNOWN_PRAGMAS = YES;
				GCC_WARN_UNUSED_FUNCTION = YES;
				GCC_WARN_UNUSED_LABEL = YES;
				GCC_WARN_UNUSED_PARAMETER = YES;
				GCC_WARN_UNUSED_VARIABLE = YES;
				HEADER_SEARCH_PATHS = (
					"$(inherited)",
					/Applications/Xcode.app/Contents/Developer/Toolchains/XcodeDefault.xctoolchain/usr/include,
					"$(SRCROOT)/../src",
					"$(SRCROOT)/../Xcode-Release-out/deps/include",
				);
				LIBRARY_SEARCH_PATHS = "$(SRCROOT)/../Xcode-Release-out/deps/lib";
				LLVM_LTO = YES;
				LLVM_VECTORIZE_LOOPS = YES;
				MACOSX_DEPLOYMENT_TARGET = 10.7;
				ONLY_ACTIVE_ARCH = NO;
				SDKROOT = macosx;
				USER_HEADER_SEARCH_PATHS = "$(SRCROOT)/../Xcode-Release-out/deps/include/encfs $(SRCROOT)/../Xcode-Release-out/deps/include/davfuse $(SRCROOT)/../Xcode-Release-out/deps/include/encfs/base";
			};
			name = Release;
		};
		963D09D517A1D89D00AEE673 /* Debug */ = {
			isa = XCBuildConfiguration;
			buildSettings = {
				CODE_SIGN_IDENTITY = "-";
				COMBINE_HIDPI_IMAGES = YES;
				GCC_INLINES_ARE_PRIVATE_EXTERN = NO;
				GCC_PRECOMPILE_PREFIX_HEADER = YES;
				GCC_PREFIX_HEADER = "Safe/Safe-Prefix.pch";
				GCC_SYMBOLS_PRIVATE_EXTERN = NO;
				INFOPLIST_FILE = "Safe/Safe-Info.plist";
				MACOSX_DEPLOYMENT_TARGET = 10.7;
				OTHER_CFLAGS = "$(PROTOBUF_CFLAGS)";
				"OTHER_CFLAGS[arch=*]" = "$(PROTOBUF_CFLAGS)";
				PRODUCT_NAME = Safe;
				WRAPPER_EXTENSION = app;
			};
			name = Debug;
		};
		963D09D617A1D89D00AEE673 /* Release */ = {
			isa = XCBuildConfiguration;
			buildSettings = {
				CODE_SIGN_IDENTITY = "-";
				COMBINE_HIDPI_IMAGES = YES;
				GCC_INLINES_ARE_PRIVATE_EXTERN = NO;
				GCC_PRECOMPILE_PREFIX_HEADER = YES;
				GCC_PREFIX_HEADER = "Safe/Safe-Prefix.pch";
				GCC_SYMBOLS_PRIVATE_EXTERN = NO;
				INFOPLIST_FILE = "Safe/Safe-Info.plist";
				MACOSX_DEPLOYMENT_TARGET = 10.7;
				OTHER_CFLAGS = "$(PROTOBUF_CFLAGS)";
				"OTHER_CFLAGS[arch=*]" = "$(PROTOBUF_CFLAGS)";
				PRODUCT_NAME = Safe;
				WRAPPER_EXTENSION = app;
			};
			name = Release;
		};
		96A34598188139A3005AE884 /* Debug */ = {
			isa = XCBuildConfiguration;
			buildSettings = {
				CLANG_WARN_BOOL_CONVERSION = YES;
				CLANG_WARN_DIRECT_OBJC_ISA_USAGE = YES_ERROR;
				CLANG_WARN_OBJC_ROOT_CLASS = YES_ERROR;
				EXECUTABLE_PREFIX = lib;
				GCC_SYMBOLS_PRIVATE_EXTERN = NO;
				GCC_WARN_64_TO_32_BIT_CONVERSION = YES;
				GCC_WARN_ABOUT_RETURN_TYPE = YES_ERROR;
				GCC_WARN_UNDECLARED_SELECTOR = YES;
				PRODUCT_NAME = "$(TARGET_NAME)";
			};
			name = Debug;
		};
		96A34599188139A3005AE884 /* Release */ = {
			isa = XCBuildConfiguration;
			buildSettings = {
				CLANG_WARN_BOOL_CONVERSION = YES;
				CLANG_WARN_DIRECT_OBJC_ISA_USAGE = YES_ERROR;
				CLANG_WARN_OBJC_ROOT_CLASS = YES_ERROR;
				EXECUTABLE_PREFIX = lib;
				GCC_WARN_64_TO_32_BIT_CONVERSION = YES;
				GCC_WARN_ABOUT_RETURN_TYPE = YES_ERROR;
				GCC_WARN_UNDECLARED_SELECTOR = YES;
				PRODUCT_NAME = "$(TARGET_NAME)";
			};
			name = Release;
		};
/* End XCBuildConfiguration section */

/* Begin XCConfigurationList section */
		963D099E17A1D89D00AEE673 /* Build configuration list for PBXProject "Safe" */ = {
			isa = XCConfigurationList;
			buildConfigurations = (
				963D09D217A1D89D00AEE673 /* Debug */,
				963D09D317A1D89D00AEE673 /* Release */,
			);
			defaultConfigurationIsVisible = 0;
			defaultConfigurationName = Debug;
		};
		963D09D417A1D89D00AEE673 /* Build configuration list for PBXNativeTarget "Safe" */ = {
			isa = XCConfigurationList;
			buildConfigurations = (
				963D09D517A1D89D00AEE673 /* Debug */,
				963D09D617A1D89D00AEE673 /* Release */,
			);
			defaultConfigurationIsVisible = 0;
			defaultConfigurationName = Debug;
		};
		96A34597188139A3005AE884 /* Build configuration list for PBXNativeTarget "mount_webdav_interpose" */ = {
			isa = XCConfigurationList;
			buildConfigurations = (
				96A34598188139A3005AE884 /* Debug */,
				96A34599188139A3005AE884 /* Release */,
			);
			defaultConfigurationIsVisible = 0;
			defaultConfigurationName = Debug;
		};
/* End XCConfigurationList section */
	};
	rootObject = 963D099B17A1D89D00AEE673 /* Project object */;
}
